// !$*UTF8*$!
{
	archiveVersion = 1;
	classes = {
	};
	objectVersion = 46;
	objects = {

/* Begin PBXFileReference section */
		FA9FF1D71A0679A30003C5FA /* libgraphhopper.a */ = {isa = PBXFileReference; lastKnownFileType = archive.ar; name = libgraphhopper.a; path = build/libgraphhopper.a; sourceTree = SOURCE_ROOT; };
		FABC91D41A06CC7000B4106B /* src */ = {isa = PBXFileReference; lastKnownFileType = folder; path = src; sourceTree = "<group>"; };
		FABCD8B01A0A47520013FB88 /* bg.txt */ = {isa = PBXFileReference; lastKnownFileType = text; name = bg.txt; path = build/translations/bg.txt; sourceTree = "<group>"; };
		FABCD8B11A0A47520013FB88 /* ca.txt */ = {isa = PBXFileReference; lastKnownFileType = text; name = ca.txt; path = build/translations/ca.txt; sourceTree = "<group>"; };
		FABCD8B21A0A47520013FB88 /* de_DE.txt */ = {isa = PBXFileReference; lastKnownFileType = text; name = de_DE.txt; path = build/translations/de_DE.txt; sourceTree = "<group>"; };
		FABCD8B31A0A47520013FB88 /* el.txt */ = {isa = PBXFileReference; lastKnownFileType = text; name = el.txt; path = build/translations/el.txt; sourceTree = "<group>"; };
		FABCD8B41A0A47520013FB88 /* en_US.txt */ = {isa = PBXFileReference; lastKnownFileType = text; name = en_US.txt; path = build/translations/en_US.txt; sourceTree = "<group>"; };
		FABCD8B51A0A47520013FB88 /* es.txt */ = {isa = PBXFileReference; lastKnownFileType = text; name = es.txt; path = build/translations/es.txt; sourceTree = "<group>"; };
		FABCD8B61A0A47520013FB88 /* fil.txt */ = {isa = PBXFileReference; lastKnownFileType = text; name = fil.txt; path = build/translations/fil.txt; sourceTree = "<group>"; };
		FABCD8B71A0A47520013FB88 /* fr.txt */ = {isa = PBXFileReference; lastKnownFileType = text; name = fr.txt; path = build/translations/fr.txt; sourceTree = "<group>"; };
		FABCD8B81A0A47520013FB88 /* gl.txt */ = {isa = PBXFileReference; lastKnownFileType = text; name = gl.txt; path = build/translations/gl.txt; sourceTree = "<group>"; };
		FABCD8B91A0A47520013FB88 /* he.txt */ = {isa = PBXFileReference; lastKnownFileType = text; name = he.txt; path = build/translations/he.txt; sourceTree = "<group>"; };
		FABCD8BA1A0A47520013FB88 /* it.txt */ = {isa = PBXFileReference; lastKnownFileType = text; name = it.txt; path = build/translations/it.txt; sourceTree = "<group>"; };
		FABCD8BB1A0A47520013FB88 /* ja.txt */ = {isa = PBXFileReference; lastKnownFileType = text; name = ja.txt; path = build/translations/ja.txt; sourceTree = "<group>"; };
		FABCD8BC1A0A47520013FB88 /* nl.txt */ = {isa = PBXFileReference; lastKnownFileType = text; name = nl.txt; path = build/translations/nl.txt; sourceTree = "<group>"; };
		FABCD8BD1A0A47520013FB88 /* pt_BR.txt */ = {isa = PBXFileReference; lastKnownFileType = text; name = pt_BR.txt; path = build/translations/pt_BR.txt; sourceTree = "<group>"; };
		FABCD8BE1A0A47520013FB88 /* pt_PT.txt */ = {isa = PBXFileReference; lastKnownFileType = text; name = pt_PT.txt; path = build/translations/pt_PT.txt; sourceTree = "<group>"; };
		FABCD8BF1A0A47520013FB88 /* ro.txt */ = {isa = PBXFileReference; lastKnownFileType = text; name = ro.txt; path = build/translations/ro.txt; sourceTree = "<group>"; };
		FABCD8C01A0A47520013FB88 /* ru.txt */ = {isa = PBXFileReference; lastKnownFileType = text; name = ru.txt; path = build/translations/ru.txt; sourceTree = "<group>"; };
		FABCD8C11A0A47520013FB88 /* si.txt */ = {isa = PBXFileReference; lastKnownFileType = text; name = si.txt; path = build/translations/si.txt; sourceTree = "<group>"; };
		FABCD8C21A0A47520013FB88 /* sk.txt */ = {isa = PBXFileReference; lastKnownFileType = text; name = sk.txt; path = build/translations/sk.txt; sourceTree = "<group>"; };
		FABCD8C31A0A47520013FB88 /* sv_SE.txt */ = {isa = PBXFileReference; lastKnownFileType = text; name = sv_SE.txt; path = build/translations/sv_SE.txt; sourceTree = "<group>"; };
		FABCD8C41A0A47520013FB88 /* tr.txt */ = {isa = PBXFileReference; lastKnownFileType = text; name = tr.txt; path = build/translations/tr.txt; sourceTree = "<group>"; };
		FABCD8C51A0A47520013FB88 /* uk.txt */ = {isa = PBXFileReference; lastKnownFileType = text; name = uk.txt; path = build/translations/uk.txt; sourceTree = "<group>"; };
		FAE1E9911A09527F00654F13 /* libjre_emul.a */ = {isa = PBXFileReference; lastKnownFileType = archive.ar; name = libjre_emul.a; path = j2objc/lib/libjre_emul.a; sourceTree = SOURCE_ROOT; };
		FAE1E9921A0952A200654F13 /* libj2objc_main.a */ = {isa = PBXFileReference; lastKnownFileType = archive.ar; name = libj2objc_main.a; path = j2objc/lib/libj2objc_main.a; sourceTree = SOURCE_ROOT; };
/* End PBXFileReference section */

/* Begin PBXGroup section */
		FABB63C51A04D67C0031AB97 = {
			isa = PBXGroup;
			children = (
				FABC91D61A06D3E800B4106B /* graphhopper */,
				FAE1E9901A09525E00654F13 /* Libraries */,
			);
			sourceTree = "<group>";
		};
		FABC91D61A06D3E800B4106B /* graphhopper */ = {
			isa = PBXGroup;
			children = (
				FABC91D41A06CC7000B4106B /* src */,
				FABCD8AF1A0A47230013FB88 /* Translations */,
			);
			name = graphhopper;
			sourceTree = "<group>";
		};
		FABCD8AF1A0A47230013FB88 /* Translations */ = {
			isa = PBXGroup;
			children = (
				FABCD8B01A0A47520013FB88 /* bg.txt */,
				FABCD8B11A0A47520013FB88 /* ca.txt */,
				FABCD8B21A0A47520013FB88 /* de_DE.txt */,
				FABCD8B31A0A47520013FB88 /* el.txt */,
				FABCD8B41A0A47520013FB88 /* en_US.txt */,
				FABCD8B51A0A47520013FB88 /* es.txt */,
				FABCD8B61A0A47520013FB88 /* fil.txt */,
				FABCD8B71A0A47520013FB88 /* fr.txt */,
				FABCD8B81A0A47520013FB88 /* gl.txt */,
				FABCD8B91A0A47520013FB88 /* he.txt */,
				FABCD8BA1A0A47520013FB88 /* it.txt */,
				FABCD8BB1A0A47520013FB88 /* ja.txt */,
				FABCD8BC1A0A47520013FB88 /* nl.txt */,
				FABCD8BD1A0A47520013FB88 /* pt_BR.txt */,
				FABCD8BE1A0A47520013FB88 /* pt_PT.txt */,
				FABCD8BF1A0A47520013FB88 /* ro.txt */,
				FABCD8C01A0A47520013FB88 /* ru.txt */,
				FABCD8C11A0A47520013FB88 /* si.txt */,
				FABCD8C21A0A47520013FB88 /* sk.txt */,
				FABCD8C31A0A47520013FB88 /* sv_SE.txt */,
				FABCD8C41A0A47520013FB88 /* tr.txt */,
				FABCD8C51A0A47520013FB88 /* uk.txt */,
			);
			name = Translations;
			sourceTree = "<group>";
		};
		FAE1E9901A09525E00654F13 /* Libraries */ = {
			isa = PBXGroup;
			children = (
				FAE1E9911A09527F00654F13 /* libjre_emul.a */,
				FAE1E9921A0952A200654F13 /* libj2objc_main.a */,
				FA9FF1D71A0679A30003C5FA /* libgraphhopper.a */,
			);
			name = Libraries;
			sourceTree = "<group>";
		};
/* End PBXGroup section */

/* Begin PBXLegacyTarget section */
		FAF57F741A04E10C00340FDB /* graphhopper */ = {
			isa = PBXLegacyTarget;
			buildArgumentsString = "$(ACTION)";
			buildConfigurationList = FAF57F751A04E10C00340FDB /* Build configuration list for PBXLegacyTarget "graphhopper" */;
			buildPhases = (
			);
			buildToolPath = /usr/bin/make;
			dependencies = (
			);
			name = graphhopper;
			passBuildSettingsInEnvironment = 1;
			productName = graphhopper;
		};
/* End PBXLegacyTarget section */

/* Begin PBXProject section */
		FABB63C61A04D67C0031AB97 /* Project object */ = {
			isa = PBXProject;
			attributes = {
				LastUpgradeCheck = 0610;
				TargetAttributes = {
					FAF57F741A04E10C00340FDB = {
						CreatedOnToolsVersion = 6.1;
					};
				};
			};
			buildConfigurationList = FABB63C91A04D67C0031AB97 /* Build configuration list for PBXProject "graphhopper" */;
			compatibilityVersion = "Xcode 3.2";
			developmentRegion = English;
			hasScannedForEncodings = 0;
			knownRegions = (
				en,
			);
			mainGroup = FABB63C51A04D67C0031AB97;
			productRefGroup = FABB63C51A04D67C0031AB97;
			projectDirPath = "";
			projectRoot = "";
			targets = (
				FAF57F741A04E10C00340FDB /* graphhopper */,
			);
		};
/* End PBXProject section */

/* Begin XCBuildConfiguration section */
		FABB63E01A04D67C0031AB97 /* Debug */ = {
			isa = XCBuildConfiguration;
			buildSettings = {
				ALWAYS_SEARCH_USER_PATHS = NO;
				CLANG_CXX_LANGUAGE_STANDARD = "gnu++0x";
				CLANG_CXX_LIBRARY = "libc++";
				CLANG_ENABLE_MODULES = YES;
				CLANG_ENABLE_OBJC_ARC = YES;
				CLANG_WARN_BOOL_CONVERSION = YES;
				CLANG_WARN_CONSTANT_CONVERSION = YES;
				CLANG_WARN_DIRECT_OBJC_ISA_USAGE = YES_ERROR;
				CLANG_WARN_EMPTY_BODY = YES;
				CLANG_WARN_ENUM_CONVERSION = YES;
				CLANG_WARN_INT_CONVERSION = YES;
				CLANG_WARN_OBJC_ROOT_CLASS = YES_ERROR;
				CLANG_WARN_UNREACHABLE_CODE = YES;
				CLANG_WARN__DUPLICATE_METHOD_MATCH = YES;
				COPY_PHASE_STRIP = NO;
				ENABLE_STRICT_OBJC_MSGSEND = YES;
				GCC_C_LANGUAGE_STANDARD = gnu99;
				GCC_DYNAMIC_NO_PIC = NO;
				GCC_OPTIMIZATION_LEVEL = 0;
				GCC_PREPROCESSOR_DEFINITIONS = (
					"DEBUG=1",
					"$(inherited)",
				);
				GCC_SYMBOLS_PRIVATE_EXTERN = NO;
				GCC_WARN_64_TO_32_BIT_CONVERSION = YES;
				GCC_WARN_ABOUT_RETURN_TYPE = YES_ERROR;
				GCC_WARN_UNDECLARED_SELECTOR = YES;
				GCC_WARN_UNINITIALIZED_AUTOS = YES_AGGRESSIVE;
				GCC_WARN_UNUSED_FUNCTION = YES;
				GCC_WARN_UNUSED_VARIABLE = YES;
				IPHONEOS_DEPLOYMENT_TARGET = 8.1;
				MTL_ENABLE_DEBUG_INFO = YES;
				ONLY_ACTIVE_ARCH = YES;
				SDKROOT = iphoneos;
			};
			name = Debug;
		};
		FABB63E11A04D67C0031AB97 /* Release */ = {
			isa = XCBuildConfiguration;
			buildSettings = {
				ALWAYS_SEARCH_USER_PATHS = NO;
				CLANG_CXX_LANGUAGE_STANDARD = "gnu++0x";
				CLANG_CXX_LIBRARY = "libc++";
				CLANG_ENABLE_MODULES = YES;
				CLANG_ENABLE_OBJC_ARC = YES;
				CLANG_WARN_BOOL_CONVERSION = YES;
				CLANG_WARN_CONSTANT_CONVERSION = YES;
				CLANG_WARN_DIRECT_OBJC_ISA_USAGE = YES_ERROR;
				CLANG_WARN_EMPTY_BODY = YES;
				CLANG_WARN_ENUM_CONVERSION = YES;
				CLANG_WARN_INT_CONVERSION = YES;
				CLANG_WARN_OBJC_ROOT_CLASS = YES_ERROR;
				CLANG_WARN_UNREACHABLE_CODE = YES;
				CLANG_WARN__DUPLICATE_METHOD_MATCH = YES;
				COPY_PHASE_STRIP = YES;
				ENABLE_NS_ASSERTIONS = NO;
				ENABLE_STRICT_OBJC_MSGSEND = YES;
				GCC_C_LANGUAGE_STANDARD = gnu99;
				GCC_WARN_64_TO_32_BIT_CONVERSION = YES;
				GCC_WARN_ABOUT_RETURN_TYPE = YES_ERROR;
				GCC_WARN_UNDECLARED_SELECTOR = YES;
				GCC_WARN_UNINITIALIZED_AUTOS = YES_AGGRESSIVE;
				GCC_WARN_UNUSED_FUNCTION = YES;
				GCC_WARN_UNUSED_VARIABLE = YES;
				IPHONEOS_DEPLOYMENT_TARGET = 8.1;
				MTL_ENABLE_DEBUG_INFO = NO;
				SDKROOT = iphoneos;
				VALIDATE_PRODUCT = YES;
			};
			name = Release;
		};
		FAF57F761A04E10C00340FDB /* Debug */ = {
			isa = XCBuildConfiguration;
			buildSettings = {
				DEBUGGING_SYMBOLS = YES;
				GCC_GENERATE_DEBUGGING_SYMBOLS = YES;
				GCC_OPTIMIZATION_LEVEL = 0;
				MACOSX_DEPLOYMENT_TARGET = 10.10;
				OTHER_CFLAGS = "-ObjC";
				OTHER_LDFLAGS = "";
				PRODUCT_NAME = "$(TARGET_NAME)";
			};
			name = Debug;
		};
		FAF57F771A04E10C00340FDB /* Release */ = {
			isa = XCBuildConfiguration;
			buildSettings = {
				DEBUG_INFORMATION_FORMAT = "dwarf-with-dsym";
				MACOSX_DEPLOYMENT_TARGET = 10.10;
				OTHER_CFLAGS = "-ObjC";
				OTHER_LDFLAGS = "";
				PRODUCT_NAME = "$(TARGET_NAME)";
			};
			name = Release;
		};
/* End XCBuildConfiguration section */

/* Begin XCConfigurationList section */
		FABB63C91A04D67C0031AB97 /* Build configuration list for PBXProject "graphhopper" */ = {
			isa = XCConfigurationList;
			buildConfigurations = (
				FABB63E01A04D67C0031AB97 /* Debug */,
				FABB63E11A04D67C0031AB97 /* Release */,
			);
			defaultConfigurationIsVisible = 0;
			defaultConfigurationName = Release;
		};
		FAF57F751A04E10C00340FDB /* Build configuration list for PBXLegacyTarget "graphhopper" */ = {
			isa = XCConfigurationList;
			buildConfigurations = (
				FAF57F761A04E10C00340FDB /* Debug */,
				FAF57F771A04E10C00340FDB /* Release */,
			);
			defaultConfigurationIsVisible = 0;
			defaultConfigurationName = Release;
		};
/* End XCConfigurationList section */
	};
	rootObject = FABB63C61A04D67C0031AB97 /* Project object */;
}
