// !$*UTF8*$!
{
	archiveVersion = 1;
	classes = {
	};
	objectVersion = 46;
	objects = {

/* Begin PBXBuildFile section */
		492A43F026E2670A0007BA62 /* ca.txt in Resources */ = {isa = PBXBuildFile; fileRef = 492A43C526E267090007BA62 /* ca.txt */; };
		492A43F126E2670A0007BA62 /* lt_LT.txt in Resources */ = {isa = PBXBuildFile; fileRef = 492A43C626E267090007BA62 /* lt_LT.txt */; };
		492A43F226E2670A0007BA62 /* pl_PL.txt in Resources */ = {isa = PBXBuildFile; fileRef = 492A43C726E267090007BA62 /* pl_PL.txt */; };
		492A43F326E2670A0007BA62 /* pt_PT.txt in Resources */ = {isa = PBXBuildFile; fileRef = 492A43C826E267090007BA62 /* pt_PT.txt */; };
		492A43F426E2670A0007BA62 /* sr_RS.txt in Resources */ = {isa = PBXBuildFile; fileRef = 492A43C926E267090007BA62 /* sr_RS.txt */; };
		492A43F526E2670A0007BA62 /* tr.txt in Resources */ = {isa = PBXBuildFile; fileRef = 492A43CA26E267090007BA62 /* tr.txt */; };
		492A43F626E2670A0007BA62 /* vi_VN.txt in Resources */ = {isa = PBXBuildFile; fileRef = 492A43CB26E267090007BA62 /* vi_VN.txt */; };
		492A43F726E2670A0007BA62 /* in_ID.txt in Resources */ = {isa = PBXBuildFile; fileRef = 492A43CC26E267090007BA62 /* in_ID.txt */; };
		492A43F826E2670A0007BA62 /* hr_HR.txt in Resources */ = {isa = PBXBuildFile; fileRef = 492A43CD26E267090007BA62 /* hr_HR.txt */; };
		492A43F926E2670A0007BA62 /* sk.txt in Resources */ = {isa = PBXBuildFile; fileRef = 492A43CE26E267090007BA62 /* sk.txt */; };
		492A43FA26E2670A0007BA62 /* sv_SE.txt in Resources */ = {isa = PBXBuildFile; fileRef = 492A43CF26E267090007BA62 /* sv_SE.txt */; };
		492A43FB26E2670A0007BA62 /* el.txt in Resources */ = {isa = PBXBuildFile; fileRef = 492A43D026E267090007BA62 /* el.txt */; };
		492A43FC26E2670A0007BA62 /* ar.txt in Resources */ = {isa = PBXBuildFile; fileRef = 492A43D126E267090007BA62 /* ar.txt */; };
		492A43FD26E2670A0007BA62 /* he.txt in Resources */ = {isa = PBXBuildFile; fileRef = 492A43D226E267090007BA62 /* he.txt */; };
		492A43FE26E2670A0007BA62 /* fi.txt in Resources */ = {isa = PBXBuildFile; fileRef = 492A43D326E267090007BA62 /* fi.txt */; };
		492A43FF26E2670A0007BA62 /* hu_HU.txt in Resources */ = {isa = PBXBuildFile; fileRef = 492A43D426E267090007BA62 /* hu_HU.txt */; };
		492A440026E2670A0007BA62 /* en_US.txt in Resources */ = {isa = PBXBuildFile; fileRef = 492A43D526E267090007BA62 /* en_US.txt */; };
		492A440126E2670A0007BA62 /* hsb.txt in Resources */ = {isa = PBXBuildFile; fileRef = 492A43D626E267090007BA62 /* hsb.txt */; };
		492A440226E2670A0007BA62 /* nl.txt in Resources */ = {isa = PBXBuildFile; fileRef = 492A43D726E267090007BA62 /* nl.txt */; };
		492A440326E2670A0007BA62 /* sl_SI.txt in Resources */ = {isa = PBXBuildFile; fileRef = 492A43D826E267090007BA62 /* sl_SI.txt */; };
		492A440426E2670A0007BA62 /* da_DK.txt in Resources */ = {isa = PBXBuildFile; fileRef = 492A43D926E267090007BA62 /* da_DK.txt */; };
		492A440526E2670A0007BA62 /* gl.txt in Resources */ = {isa = PBXBuildFile; fileRef = 492A43DA26E267090007BA62 /* gl.txt */; };
		492A440626E2670A0007BA62 /* fr_FR.txt in Resources */ = {isa = PBXBuildFile; fileRef = 492A43DB26E267090007BA62 /* fr_FR.txt */; };
		492A440726E2670A0007BA62 /* de_DE.txt in Resources */ = {isa = PBXBuildFile; fileRef = 492A43DC26E267090007BA62 /* de_DE.txt */; };
		492A440826E2670A0007BA62 /* ast.txt in Resources */ = {isa = PBXBuildFile; fileRef = 492A43DD26E267090007BA62 /* ast.txt */; };
		492A440926E2670A0007BA62 /* ko.txt in Resources */ = {isa = PBXBuildFile; fileRef = 492A43DE26E267090007BA62 /* ko.txt */; };
		492A440A26E2670A0007BA62 /* pt_BR.txt in Resources */ = {isa = PBXBuildFile; fileRef = 492A43DF26E267090007BA62 /* pt_BR.txt */; };
		492A440B26E2670A0007BA62 /* ro.txt in Resources */ = {isa = PBXBuildFile; fileRef = 492A43E026E267090007BA62 /* ro.txt */; };
		492A440C26E2670A0007BA62 /* bg.txt in Resources */ = {isa = PBXBuildFile; fileRef = 492A43E126E267090007BA62 /* bg.txt */; };
		492A440D26E2670A0007BA62 /* ne.txt in Resources */ = {isa = PBXBuildFile; fileRef = 492A43E226E2670A0007BA62 /* ne.txt */; };
		492A440E26E2670A0007BA62 /* ru.txt in Resources */ = {isa = PBXBuildFile; fileRef = 492A43E326E2670A0007BA62 /* ru.txt */; };
		492A440F26E2670A0007BA62 /* zh_CN.txt in Resources */ = {isa = PBXBuildFile; fileRef = 492A43E426E2670A0007BA62 /* zh_CN.txt */; };
		492A441026E2670A0007BA62 /* zh_TW.txt in Resources */ = {isa = PBXBuildFile; fileRef = 492A43E526E2670A0007BA62 /* zh_TW.txt */; };
		492A441126E2670A0007BA62 /* it.txt in Resources */ = {isa = PBXBuildFile; fileRef = 492A43E626E2670A0007BA62 /* it.txt */; };
		492A441226E2670A0007BA62 /* fil.txt in Resources */ = {isa = PBXBuildFile; fileRef = 492A43E726E2670A0007BA62 /* fil.txt */; };
		492A441326E2670A0007BA62 /* ja.txt in Resources */ = {isa = PBXBuildFile; fileRef = 492A43E826E2670A0007BA62 /* ja.txt */; };
		492A441426E2670A0007BA62 /* uk.txt in Resources */ = {isa = PBXBuildFile; fileRef = 492A43E926E2670A0007BA62 /* uk.txt */; };
		492A441526E2670A0007BA62 /* zh_HK.txt in Resources */ = {isa = PBXBuildFile; fileRef = 492A43EA26E2670A0007BA62 /* zh_HK.txt */; };
		492A441626E2670A0007BA62 /* fr_CH.txt in Resources */ = {isa = PBXBuildFile; fileRef = 492A43EB26E2670A0007BA62 /* fr_CH.txt */; };
		492A441726E2670A0007BA62 /* es.txt in Resources */ = {isa = PBXBuildFile; fileRef = 492A43EC26E2670A0007BA62 /* es.txt */; };
		492A441826E2670A0007BA62 /* eo.txt in Resources */ = {isa = PBXBuildFile; fileRef = 492A43ED26E2670A0007BA62 /* eo.txt */; };
		492A441926E2670A0007BA62 /* fa.txt in Resources */ = {isa = PBXBuildFile; fileRef = 492A43EE26E2670A0007BA62 /* fa.txt */; };
		492A441A26E2670A0007BA62 /* cs_CZ.txt in Resources */ = {isa = PBXBuildFile; fileRef = 492A43EF26E2670A0007BA62 /* cs_CZ.txt */; };
		492A442926E267C40007BA62 /* MBXPointAnnotation.m in Sources */ = {isa = PBXBuildFile; fileRef = 492A441D26E267C30007BA62 /* MBXPointAnnotation.m */; };
		492A442A26E267C40007BA62 /* MBXOfflineMapDatabase.m in Sources */ = {isa = PBXBuildFile; fileRef = 492A442026E267C30007BA62 /* MBXOfflineMapDatabase.m */; };
		492A442B26E267C40007BA62 /* MBXMapKit.m in Sources */ = {isa = PBXBuildFile; fileRef = 492A442226E267C30007BA62 /* MBXMapKit.m */; };
		492A442C26E267C40007BA62 /* MBXOfflineMapDownloader.m in Sources */ = {isa = PBXBuildFile; fileRef = 492A442326E267C30007BA62 /* MBXOfflineMapDownloader.m */; };
		492A442D26E267C40007BA62 /* MBXRasterTileOverlay.m in Sources */ = {isa = PBXBuildFile; fileRef = 492A442526E267C30007BA62 /* MBXRasterTileOverlay.m */; };
		492A442E26E267C40007BA62 /* MBXRasterTileRenderer.m in Sources */ = {isa = PBXBuildFile; fileRef = 492A442626E267C30007BA62 /* MBXRasterTileRenderer.m */; };
		492A443B26E26F5D0007BA62 /* string_index_keys in Resources */ = {isa = PBXBuildFile; fileRef = 492A443226E26F5D0007BA62 /* string_index_keys */; };
		492A443C26E26F5D0007BA62 /* nodes in Resources */ = {isa = PBXBuildFile; fileRef = 492A443326E26F5D0007BA62 /* nodes */; };
		492A443D26E26F5D0007BA62 /* shortcuts_car in Resources */ = {isa = PBXBuildFile; fileRef = 492A443426E26F5D0007BA62 /* shortcuts_car */; };
		492A443E26E26F5D0007BA62 /* string_index_vals in Resources */ = {isa = PBXBuildFile; fileRef = 492A443526E26F5D0007BA62 /* string_index_vals */; };
		492A443F26E26F5D0007BA62 /* nodes_ch_car in Resources */ = {isa = PBXBuildFile; fileRef = 492A443626E26F5D0007BA62 /* nodes_ch_car */; };
		492A444026E26F5D0007BA62 /* properties in Resources */ = {isa = PBXBuildFile; fileRef = 492A443726E26F5D0007BA62 /* properties */; };
		492A444126E26F5D0007BA62 /* location_index in Resources */ = {isa = PBXBuildFile; fileRef = 492A443826E26F5D0007BA62 /* location_index */; };
		492A444226E26F5D0007BA62 /* geometry in Resources */ = {isa = PBXBuildFile; fileRef = 492A443926E26F5D0007BA62 /* geometry */; };
		492A444326E26F5D0007BA62 /* edges in Resources */ = {isa = PBXBuildFile; fileRef = 492A443A26E26F5D0007BA62 /* edges */; };
		492A444F26E272000007BA62 /* graph-data.osm-gh in Resources */ = {isa = PBXBuildFile; fileRef = 492A444E26E272000007BA62 /* graph-data.osm-gh */; };
		FA59C1761AADB8AB0093F77B /* libicucore.dylib in Frameworks */ = {isa = PBXBuildFile; fileRef = FA59C1751AADB8AB0093F77B /* libicucore.dylib */; };
		FABCD8D61A0A61430013FB88 /* main.m in Sources */ = {isa = PBXBuildFile; fileRef = FABCD8D51A0A61430013FB88 /* main.m */; };
		FABCD8D91A0A61430013FB88 /* AppDelegate.m in Sources */ = {isa = PBXBuildFile; fileRef = FABCD8D81A0A61430013FB88 /* AppDelegate.m */; };
		FABCD8DC1A0A61430013FB88 /* ViewController.m in Sources */ = {isa = PBXBuildFile; fileRef = FABCD8DB1A0A61430013FB88 /* ViewController.m */; };
		FABCD8E11A0A61430013FB88 /* Images.xcassets in Resources */ = {isa = PBXBuildFile; fileRef = FABCD8E01A0A61430013FB88 /* Images.xcassets */; };
		FABCD8E41A0A61430013FB88 /* LaunchScreen.xib in Resources */ = {isa = PBXBuildFile; fileRef = FABCD8E21A0A61430013FB88 /* LaunchScreen.xib */; };
		FABCD8F01A0A61430013FB88 /* graphhopper_ios_sampleTests.m in Sources */ = {isa = PBXBuildFile; fileRef = FABCD8EF1A0A61430013FB88 /* graphhopper_ios_sampleTests.m */; };
		FABCD9371A0A62D90013FB88 /* libz.dylib in Frameworks */ = {isa = PBXBuildFile; fileRef = FABCD9361A0A62D90013FB88 /* libz.dylib */; };
		FABCD9391A0A62E20013FB88 /* Security.framework in Frameworks */ = {isa = PBXBuildFile; fileRef = FABCD9381A0A62E20013FB88 /* Security.framework */; };
		FABCD93B1A0A62EE0013FB88 /* libsqlite3.dylib in Frameworks */ = {isa = PBXBuildFile; fileRef = FABCD93A1A0A62EE0013FB88 /* libsqlite3.dylib */; };
		FABCD9421A0A65020013FB88 /* Main_iPad.storyboard in Resources */ = {isa = PBXBuildFile; fileRef = FABCD93E1A0A65020013FB88 /* Main_iPad.storyboard */; };
		FABCD9431A0A65020013FB88 /* Main_iPhone.storyboard in Resources */ = {isa = PBXBuildFile; fileRef = FABCD9401A0A65020013FB88 /* Main_iPhone.storyboard */; };
		FABCD9691A0A8C620013FB88 /* Directions.m in Sources */ = {isa = PBXBuildFile; fileRef = FABCD9681A0A8C620013FB88 /* Directions.m */; };
		FAEF863E1EF6B66400644A71 /* libiconv.tbd in Frameworks */ = {isa = PBXBuildFile; fileRef = FAEF863D1EF6B66400644A71 /* libiconv.tbd */; };
		FAF480951A10D97D00B20D8C /* MBAutoGrowingTextView.m in Sources */ = {isa = PBXBuildFile; fileRef = FAF480941A10D97D00B20D8C /* MBAutoGrowingTextView.m */; };
		FAFEF88D1A0BE96D002C11A3 /* libjre_emul.a in Frameworks */ = {isa = PBXBuildFile; fileRef = FAFEF88A1A0BE96D002C11A3 /* libjre_emul.a */; };
		FAFEF88F1A0BE96D002C11A3 /* libgraphhopper.a in Frameworks */ = {isa = PBXBuildFile; fileRef = FAFEF88C1A0BE96D002C11A3 /* libgraphhopper.a */; };
/* End PBXBuildFile section */

/* Begin PBXContainerItemProxy section */
		FABCD8EA1A0A61430013FB88 /* PBXContainerItemProxy */ = {
			isa = PBXContainerItemProxy;
			containerPortal = FABCD8C81A0A61430013FB88 /* Project object */;
			proxyType = 1;
			remoteGlobalIDString = FABCD8CF1A0A61430013FB88;
			remoteInfo = "graphhopper-ios-sample";
		};
		FAFEF8BD1A0BE996002C11A3 /* PBXContainerItemProxy */ = {
			isa = PBXContainerItemProxy;
			containerPortal = FAFEF8841A0BE8FB002C11A3 /* graphhopper.xcodeproj */;
			proxyType = 1;
			remoteGlobalIDString = FAF57F741A04E10C00340FDB;
			remoteInfo = graphhopper;
		};
/* End PBXContainerItemProxy section */

/* Begin PBXCopyFilesBuildPhase section */
		653FD1E72444D7B500A02EBC /* CopyFiles */ = {
			isa = PBXCopyFilesBuildPhase;
			buildActionMask = 2147483647;
			dstPath = com/graphhopper/util;
			dstSubfolderSpec = 7;
			files = (
			);
			runOnlyForDeploymentPostprocessing = 0;
		};
/* End PBXCopyFilesBuildPhase section */

/* Begin PBXFileReference section */
		492A43C526E267090007BA62 /* ca.txt */ = {isa = PBXFileReference; fileEncoding = 4; lastKnownFileType = text; name = ca.txt; path = build/translations/ca.txt; sourceTree = "<group>"; };
		492A43C626E267090007BA62 /* lt_LT.txt */ = {isa = PBXFileReference; fileEncoding = 4; lastKnownFileType = text; name = lt_LT.txt; path = build/translations/lt_LT.txt; sourceTree = "<group>"; };
		492A43C726E267090007BA62 /* pl_PL.txt */ = {isa = PBXFileReference; fileEncoding = 4; lastKnownFileType = text; name = pl_PL.txt; path = build/translations/pl_PL.txt; sourceTree = "<group>"; };
		492A43C826E267090007BA62 /* pt_PT.txt */ = {isa = PBXFileReference; fileEncoding = 4; lastKnownFileType = text; name = pt_PT.txt; path = build/translations/pt_PT.txt; sourceTree = "<group>"; };
		492A43C926E267090007BA62 /* sr_RS.txt */ = {isa = PBXFileReference; fileEncoding = 4; lastKnownFileType = text; name = sr_RS.txt; path = build/translations/sr_RS.txt; sourceTree = "<group>"; };
		492A43CA26E267090007BA62 /* tr.txt */ = {isa = PBXFileReference; fileEncoding = 4; lastKnownFileType = text; name = tr.txt; path = build/translations/tr.txt; sourceTree = "<group>"; };
		492A43CB26E267090007BA62 /* vi_VN.txt */ = {isa = PBXFileReference; fileEncoding = 4; lastKnownFileType = text; name = vi_VN.txt; path = build/translations/vi_VN.txt; sourceTree = "<group>"; };
		492A43CC26E267090007BA62 /* in_ID.txt */ = {isa = PBXFileReference; fileEncoding = 4; lastKnownFileType = text; name = in_ID.txt; path = build/translations/in_ID.txt; sourceTree = "<group>"; };
		492A43CD26E267090007BA62 /* hr_HR.txt */ = {isa = PBXFileReference; fileEncoding = 4; lastKnownFileType = text; name = hr_HR.txt; path = build/translations/hr_HR.txt; sourceTree = "<group>"; };
		492A43CE26E267090007BA62 /* sk.txt */ = {isa = PBXFileReference; fileEncoding = 4; lastKnownFileType = text; name = sk.txt; path = build/translations/sk.txt; sourceTree = "<group>"; };
		492A43CF26E267090007BA62 /* sv_SE.txt */ = {isa = PBXFileReference; fileEncoding = 4; lastKnownFileType = text; name = sv_SE.txt; path = build/translations/sv_SE.txt; sourceTree = "<group>"; };
		492A43D026E267090007BA62 /* el.txt */ = {isa = PBXFileReference; fileEncoding = 4; lastKnownFileType = text; name = el.txt; path = build/translations/el.txt; sourceTree = "<group>"; };
		492A43D126E267090007BA62 /* ar.txt */ = {isa = PBXFileReference; fileEncoding = 4; lastKnownFileType = text; name = ar.txt; path = build/translations/ar.txt; sourceTree = "<group>"; };
		492A43D226E267090007BA62 /* he.txt */ = {isa = PBXFileReference; fileEncoding = 4; lastKnownFileType = text; name = he.txt; path = build/translations/he.txt; sourceTree = "<group>"; };
		492A43D326E267090007BA62 /* fi.txt */ = {isa = PBXFileReference; fileEncoding = 4; lastKnownFileType = text; name = fi.txt; path = build/translations/fi.txt; sourceTree = "<group>"; };
		492A43D426E267090007BA62 /* hu_HU.txt */ = {isa = PBXFileReference; fileEncoding = 4; lastKnownFileType = text; name = hu_HU.txt; path = build/translations/hu_HU.txt; sourceTree = "<group>"; };
		492A43D526E267090007BA62 /* en_US.txt */ = {isa = PBXFileReference; fileEncoding = 4; lastKnownFileType = text; name = en_US.txt; path = build/translations/en_US.txt; sourceTree = "<group>"; };
		492A43D626E267090007BA62 /* hsb.txt */ = {isa = PBXFileReference; fileEncoding = 4; lastKnownFileType = text; name = hsb.txt; path = build/translations/hsb.txt; sourceTree = "<group>"; };
		492A43D726E267090007BA62 /* nl.txt */ = {isa = PBXFileReference; fileEncoding = 4; lastKnownFileType = text; name = nl.txt; path = build/translations/nl.txt; sourceTree = "<group>"; };
		492A43D826E267090007BA62 /* sl_SI.txt */ = {isa = PBXFileReference; fileEncoding = 4; lastKnownFileType = text; name = sl_SI.txt; path = build/translations/sl_SI.txt; sourceTree = "<group>"; };
		492A43D926E267090007BA62 /* da_DK.txt */ = {isa = PBXFileReference; fileEncoding = 4; lastKnownFileType = text; name = da_DK.txt; path = build/translations/da_DK.txt; sourceTree = "<group>"; };
		492A43DA26E267090007BA62 /* gl.txt */ = {isa = PBXFileReference; fileEncoding = 4; lastKnownFileType = text; name = gl.txt; path = build/translations/gl.txt; sourceTree = "<group>"; };
		492A43DB26E267090007BA62 /* fr_FR.txt */ = {isa = PBXFileReference; fileEncoding = 4; lastKnownFileType = text; name = fr_FR.txt; path = build/translations/fr_FR.txt; sourceTree = "<group>"; };
		492A43DC26E267090007BA62 /* de_DE.txt */ = {isa = PBXFileReference; fileEncoding = 4; lastKnownFileType = text; name = de_DE.txt; path = build/translations/de_DE.txt; sourceTree = "<group>"; };
		492A43DD26E267090007BA62 /* ast.txt */ = {isa = PBXFileReference; fileEncoding = 4; lastKnownFileType = text; name = ast.txt; path = build/translations/ast.txt; sourceTree = "<group>"; };
		492A43DE26E267090007BA62 /* ko.txt */ = {isa = PBXFileReference; fileEncoding = 4; lastKnownFileType = text; name = ko.txt; path = build/translations/ko.txt; sourceTree = "<group>"; };
		492A43DF26E267090007BA62 /* pt_BR.txt */ = {isa = PBXFileReference; fileEncoding = 4; lastKnownFileType = text; name = pt_BR.txt; path = build/translations/pt_BR.txt; sourceTree = "<group>"; };
		492A43E026E267090007BA62 /* ro.txt */ = {isa = PBXFileReference; fileEncoding = 4; lastKnownFileType = text; name = ro.txt; path = build/translations/ro.txt; sourceTree = "<group>"; };
		492A43E126E267090007BA62 /* bg.txt */ = {isa = PBXFileReference; fileEncoding = 4; lastKnownFileType = text; name = bg.txt; path = build/translations/bg.txt; sourceTree = "<group>"; };
		492A43E226E2670A0007BA62 /* ne.txt */ = {isa = PBXFileReference; fileEncoding = 4; lastKnownFileType = text; name = ne.txt; path = build/translations/ne.txt; sourceTree = "<group>"; };
		492A43E326E2670A0007BA62 /* ru.txt */ = {isa = PBXFileReference; fileEncoding = 4; lastKnownFileType = text; name = ru.txt; path = build/translations/ru.txt; sourceTree = "<group>"; };
		492A43E426E2670A0007BA62 /* zh_CN.txt */ = {isa = PBXFileReference; fileEncoding = 4; lastKnownFileType = text; name = zh_CN.txt; path = build/translations/zh_CN.txt; sourceTree = "<group>"; };
		492A43E526E2670A0007BA62 /* zh_TW.txt */ = {isa = PBXFileReference; fileEncoding = 4; lastKnownFileType = text; name = zh_TW.txt; path = build/translations/zh_TW.txt; sourceTree = "<group>"; };
		492A43E626E2670A0007BA62 /* it.txt */ = {isa = PBXFileReference; fileEncoding = 4; lastKnownFileType = text; name = it.txt; path = build/translations/it.txt; sourceTree = "<group>"; };
		492A43E726E2670A0007BA62 /* fil.txt */ = {isa = PBXFileReference; fileEncoding = 4; lastKnownFileType = text; name = fil.txt; path = build/translations/fil.txt; sourceTree = "<group>"; };
		492A43E826E2670A0007BA62 /* ja.txt */ = {isa = PBXFileReference; fileEncoding = 4; lastKnownFileType = text; name = ja.txt; path = build/translations/ja.txt; sourceTree = "<group>"; };
		492A43E926E2670A0007BA62 /* uk.txt */ = {isa = PBXFileReference; fileEncoding = 4; lastKnownFileType = text; name = uk.txt; path = build/translations/uk.txt; sourceTree = "<group>"; };
		492A43EA26E2670A0007BA62 /* zh_HK.txt */ = {isa = PBXFileReference; fileEncoding = 4; lastKnownFileType = text; name = zh_HK.txt; path = build/translations/zh_HK.txt; sourceTree = "<group>"; };
		492A43EB26E2670A0007BA62 /* fr_CH.txt */ = {isa = PBXFileReference; fileEncoding = 4; lastKnownFileType = text; name = fr_CH.txt; path = build/translations/fr_CH.txt; sourceTree = "<group>"; };
		492A43EC26E2670A0007BA62 /* es.txt */ = {isa = PBXFileReference; fileEncoding = 4; lastKnownFileType = text; name = es.txt; path = build/translations/es.txt; sourceTree = "<group>"; };
		492A43ED26E2670A0007BA62 /* eo.txt */ = {isa = PBXFileReference; fileEncoding = 4; lastKnownFileType = text; name = eo.txt; path = build/translations/eo.txt; sourceTree = "<group>"; };
		492A43EE26E2670A0007BA62 /* fa.txt */ = {isa = PBXFileReference; fileEncoding = 4; lastKnownFileType = text; name = fa.txt; path = build/translations/fa.txt; sourceTree = "<group>"; };
		492A43EF26E2670A0007BA62 /* cs_CZ.txt */ = {isa = PBXFileReference; fileEncoding = 4; lastKnownFileType = text; name = cs_CZ.txt; path = build/translations/cs_CZ.txt; sourceTree = "<group>"; };
		492A441C26E267C30007BA62 /* MBXOfflineMapDownloader.h */ = {isa = PBXFileReference; fileEncoding = 4; lastKnownFileType = sourcecode.c.h; path = MBXOfflineMapDownloader.h; sourceTree = "<group>"; };
		492A441D26E267C30007BA62 /* MBXPointAnnotation.m */ = {isa = PBXFileReference; fileEncoding = 4; lastKnownFileType = sourcecode.c.objc; path = MBXPointAnnotation.m; sourceTree = "<group>"; };
		492A441E26E267C30007BA62 /* MBXMapKit.h */ = {isa = PBXFileReference; fileEncoding = 4; lastKnownFileType = sourcecode.c.h; path = MBXMapKit.h; sourceTree = "<group>"; };
		492A441F26E267C30007BA62 /* MBXRasterTileOverlay.h */ = {isa = PBXFileReference; fileEncoding = 4; lastKnownFileType = sourcecode.c.h; path = MBXRasterTileOverlay.h; sourceTree = "<group>"; };
		492A442026E267C30007BA62 /* MBXOfflineMapDatabase.m */ = {isa = PBXFileReference; fileEncoding = 4; lastKnownFileType = sourcecode.c.objc; path = MBXOfflineMapDatabase.m; sourceTree = "<group>"; };
		492A442126E267C30007BA62 /* MBXRasterTileRenderer.h */ = {isa = PBXFileReference; fileEncoding = 4; lastKnownFileType = sourcecode.c.h; path = MBXRasterTileRenderer.h; sourceTree = "<group>"; };
		492A442226E267C30007BA62 /* MBXMapKit.m */ = {isa = PBXFileReference; fileEncoding = 4; lastKnownFileType = sourcecode.c.objc; path = MBXMapKit.m; sourceTree = "<group>"; };
		492A442326E267C30007BA62 /* MBXOfflineMapDownloader.m */ = {isa = PBXFileReference; fileEncoding = 4; lastKnownFileType = sourcecode.c.objc; path = MBXOfflineMapDownloader.m; sourceTree = "<group>"; };
		492A442426E267C30007BA62 /* MBXPointAnnotation.h */ = {isa = PBXFileReference; fileEncoding = 4; lastKnownFileType = sourcecode.c.h; path = MBXPointAnnotation.h; sourceTree = "<group>"; };
		492A442526E267C30007BA62 /* MBXRasterTileOverlay.m */ = {isa = PBXFileReference; fileEncoding = 4; lastKnownFileType = sourcecode.c.objc; path = MBXRasterTileOverlay.m; sourceTree = "<group>"; };
		492A442626E267C30007BA62 /* MBXRasterTileRenderer.m */ = {isa = PBXFileReference; fileEncoding = 4; lastKnownFileType = sourcecode.c.objc; path = MBXRasterTileRenderer.m; sourceTree = "<group>"; };
		492A442726E267C30007BA62 /* MBXOfflineMapDatabase.h */ = {isa = PBXFileReference; fileEncoding = 4; lastKnownFileType = sourcecode.c.h; path = MBXOfflineMapDatabase.h; sourceTree = "<group>"; };
		492A442826E267C30007BA62 /* MBXConstantsAndTypes.h */ = {isa = PBXFileReference; fileEncoding = 4; lastKnownFileType = sourcecode.c.h; path = MBXConstantsAndTypes.h; sourceTree = "<group>"; };
		492A443226E26F5D0007BA62 /* string_index_keys */ = {isa = PBXFileReference; lastKnownFileType = file; path = string_index_keys; sourceTree = "<group>"; };
		492A443326E26F5D0007BA62 /* nodes */ = {isa = PBXFileReference; lastKnownFileType = file; path = nodes; sourceTree = "<group>"; };
		492A443426E26F5D0007BA62 /* shortcuts_car */ = {isa = PBXFileReference; lastKnownFileType = file; path = shortcuts_car; sourceTree = "<group>"; };
		492A443526E26F5D0007BA62 /* string_index_vals */ = {isa = PBXFileReference; lastKnownFileType = file; path = string_index_vals; sourceTree = "<group>"; };
		492A443626E26F5D0007BA62 /* nodes_ch_car */ = {isa = PBXFileReference; lastKnownFileType = file; path = nodes_ch_car; sourceTree = "<group>"; };
		492A443726E26F5D0007BA62 /* properties */ = {isa = PBXFileReference; lastKnownFileType = file; path = properties; sourceTree = "<group>"; };
		492A443826E26F5D0007BA62 /* location_index */ = {isa = PBXFileReference; lastKnownFileType = file; path = location_index; sourceTree = "<group>"; };
		492A443926E26F5D0007BA62 /* geometry */ = {isa = PBXFileReference; lastKnownFileType = file; path = geometry; sourceTree = "<group>"; };
		492A443A26E26F5D0007BA62 /* edges */ = {isa = PBXFileReference; lastKnownFileType = file; path = edges; sourceTree = "<group>"; };
		492A444E26E272000007BA62 /* graph-data.osm-gh */ = {isa = PBXFileReference; lastKnownFileType = folder; name = "graph-data.osm-gh"; path = "../graphhopper/graph-data.osm-gh"; sourceTree = "<group>"; };
		FA59C1751AADB8AB0093F77B /* libicucore.dylib */ = {isa = PBXFileReference; lastKnownFileType = "compiled.mach-o.dylib"; name = libicucore.dylib; path = usr/lib/libicucore.dylib; sourceTree = SDKROOT; };
		FABCD8D01A0A61430013FB88 /* graphhopper-ios-sample.app */ = {isa = PBXFileReference; explicitFileType = wrapper.application; includeInIndex = 0; path = "graphhopper-ios-sample.app"; sourceTree = BUILT_PRODUCTS_DIR; };
		FABCD8D41A0A61430013FB88 /* Info.plist */ = {isa = PBXFileReference; lastKnownFileType = text.plist.xml; path = Info.plist; sourceTree = "<group>"; };
		FABCD8D51A0A61430013FB88 /* main.m */ = {isa = PBXFileReference; lastKnownFileType = sourcecode.c.objc; path = main.m; sourceTree = "<group>"; };
		FABCD8D71A0A61430013FB88 /* AppDelegate.h */ = {isa = PBXFileReference; lastKnownFileType = sourcecode.c.h; path = AppDelegate.h; sourceTree = "<group>"; };
		FABCD8D81A0A61430013FB88 /* AppDelegate.m */ = {isa = PBXFileReference; lastKnownFileType = sourcecode.c.objc; path = AppDelegate.m; sourceTree = "<group>"; };
		FABCD8DA1A0A61430013FB88 /* ViewController.h */ = {isa = PBXFileReference; lastKnownFileType = sourcecode.c.h; path = ViewController.h; sourceTree = "<group>"; };
		FABCD8DB1A0A61430013FB88 /* ViewController.m */ = {isa = PBXFileReference; lastKnownFileType = sourcecode.c.objc; path = ViewController.m; sourceTree = "<group>"; };
		FABCD8E01A0A61430013FB88 /* Images.xcassets */ = {isa = PBXFileReference; lastKnownFileType = folder.assetcatalog; path = Images.xcassets; sourceTree = "<group>"; };
		FABCD8E31A0A61430013FB88 /* Base */ = {isa = PBXFileReference; lastKnownFileType = file.xib; name = Base; path = Base.lproj/LaunchScreen.xib; sourceTree = "<group>"; };
		FABCD8E91A0A61430013FB88 /* graphhopper-ios-sampleTests.xctest */ = {isa = PBXFileReference; explicitFileType = wrapper.cfbundle; includeInIndex = 0; path = "graphhopper-ios-sampleTests.xctest"; sourceTree = BUILT_PRODUCTS_DIR; };
		FABCD8EE1A0A61430013FB88 /* Info.plist */ = {isa = PBXFileReference; lastKnownFileType = text.plist.xml; path = Info.plist; sourceTree = "<group>"; };
		FABCD8EF1A0A61430013FB88 /* graphhopper_ios_sampleTests.m */ = {isa = PBXFileReference; lastKnownFileType = sourcecode.c.objc; path = graphhopper_ios_sampleTests.m; sourceTree = "<group>"; };
		FABCD9361A0A62D90013FB88 /* libz.dylib */ = {isa = PBXFileReference; lastKnownFileType = "compiled.mach-o.dylib"; name = libz.dylib; path = usr/lib/libz.dylib; sourceTree = SDKROOT; };
		FABCD9381A0A62E20013FB88 /* Security.framework */ = {isa = PBXFileReference; lastKnownFileType = wrapper.framework; name = Security.framework; path = System/Library/Frameworks/Security.framework; sourceTree = SDKROOT; };
		FABCD93A1A0A62EE0013FB88 /* libsqlite3.dylib */ = {isa = PBXFileReference; lastKnownFileType = "compiled.mach-o.dylib"; name = libsqlite3.dylib; path = usr/lib/libsqlite3.dylib; sourceTree = SDKROOT; };
		FABCD93F1A0A65020013FB88 /* Base */ = {isa = PBXFileReference; lastKnownFileType = file.storyboard; name = Base; path = Base.lproj/Main_iPad.storyboard; sourceTree = "<group>"; };
		FABCD9411A0A65020013FB88 /* Base */ = {isa = PBXFileReference; lastKnownFileType = file.storyboard; name = Base; path = Base.lproj/Main_iPhone.storyboard; sourceTree = "<group>"; };
		FABCD9551A0A6C310013FB88 /* PrefixHeader.pch */ = {isa = PBXFileReference; fileEncoding = 4; lastKnownFileType = sourcecode.c.h; path = PrefixHeader.pch; sourceTree = "<group>"; };
		FABCD9671A0A8C620013FB88 /* Directions.h */ = {isa = PBXFileReference; fileEncoding = 4; lastKnownFileType = sourcecode.c.h; path = Directions.h; sourceTree = "<group>"; };
		FABCD9681A0A8C620013FB88 /* Directions.m */ = {isa = PBXFileReference; fileEncoding = 4; lastKnownFileType = sourcecode.c.objc; path = Directions.m; sourceTree = "<group>"; };
		FAEF863D1EF6B66400644A71 /* libiconv.tbd */ = {isa = PBXFileReference; lastKnownFileType = "sourcecode.text-based-dylib-definition"; name = libiconv.tbd; path = usr/lib/libiconv.tbd; sourceTree = SDKROOT; };
		FAF480931A10D97D00B20D8C /* MBAutoGrowingTextView.h */ = {isa = PBXFileReference; fileEncoding = 4; lastKnownFileType = sourcecode.c.h; path = MBAutoGrowingTextView.h; sourceTree = "<group>"; };
		FAF480941A10D97D00B20D8C /* MBAutoGrowingTextView.m */ = {isa = PBXFileReference; fileEncoding = 4; lastKnownFileType = sourcecode.c.objc; path = MBAutoGrowingTextView.m; sourceTree = "<group>"; };
		FAFEF8841A0BE8FB002C11A3 /* graphhopper.xcodeproj */ = {isa = PBXFileReference; lastKnownFileType = "wrapper.pb-project"; name = graphhopper.xcodeproj; path = ../graphhopper.xcodeproj; sourceTree = "<group>"; };
		FAFEF88A1A0BE96D002C11A3 /* libjre_emul.a */ = {isa = PBXFileReference; lastKnownFileType = archive.ar; name = libjre_emul.a; path = ../j2objc/lib/libjre_emul.a; sourceTree = "<group>"; };
		FAFEF88C1A0BE96D002C11A3 /* libgraphhopper.a */ = {isa = PBXFileReference; lastKnownFileType = archive.ar; name = libgraphhopper.a; path = ../build/libgraphhopper.a; sourceTree = "<group>"; };
/* End PBXFileReference section */

/* Begin PBXFrameworksBuildPhase section */
		FABCD8CD1A0A61430013FB88 /* Frameworks */ = {
			isa = PBXFrameworksBuildPhase;
			buildActionMask = 2147483647;
			files = (
				FAEF863E1EF6B66400644A71 /* libiconv.tbd in Frameworks */,
				FA59C1761AADB8AB0093F77B /* libicucore.dylib in Frameworks */,
				FABCD93B1A0A62EE0013FB88 /* libsqlite3.dylib in Frameworks */,
				FABCD9391A0A62E20013FB88 /* Security.framework in Frameworks */,
				FAFEF88F1A0BE96D002C11A3 /* libgraphhopper.a in Frameworks */,
				FAFEF88D1A0BE96D002C11A3 /* libjre_emul.a in Frameworks */,
				FABCD9371A0A62D90013FB88 /* libz.dylib in Frameworks */,
			);
			runOnlyForDeploymentPostprocessing = 0;
		};
		FABCD8E61A0A61430013FB88 /* Frameworks */ = {
			isa = PBXFrameworksBuildPhase;
			buildActionMask = 2147483647;
			files = (
			);
			runOnlyForDeploymentPostprocessing = 0;
		};
/* End PBXFrameworksBuildPhase section */

/* Begin PBXGroup section */
		492A441B26E267C30007BA62 /* mbxmapkit */ = {
			isa = PBXGroup;
			children = (
				492A441C26E267C30007BA62 /* MBXOfflineMapDownloader.h */,
				492A441D26E267C30007BA62 /* MBXPointAnnotation.m */,
				492A441E26E267C30007BA62 /* MBXMapKit.h */,
				492A441F26E267C30007BA62 /* MBXRasterTileOverlay.h */,
				492A442026E267C30007BA62 /* MBXOfflineMapDatabase.m */,
				492A442126E267C30007BA62 /* MBXRasterTileRenderer.h */,
				492A442226E267C30007BA62 /* MBXMapKit.m */,
				492A442326E267C30007BA62 /* MBXOfflineMapDownloader.m */,
				492A442426E267C30007BA62 /* MBXPointAnnotation.h */,
				492A442526E267C30007BA62 /* MBXRasterTileOverlay.m */,
				492A442626E267C30007BA62 /* MBXRasterTileRenderer.m */,
				492A442726E267C30007BA62 /* MBXOfflineMapDatabase.h */,
				492A442826E267C30007BA62 /* MBXConstantsAndTypes.h */,
			);
			path = mbxmapkit;
			sourceTree = "<group>";
		};
		492A443126E26F5D0007BA62 /* graph-data.osm-gh */ = {
			isa = PBXGroup;
			children = (
				492A443226E26F5D0007BA62 /* string_index_keys */,
				492A443326E26F5D0007BA62 /* nodes */,
				492A443426E26F5D0007BA62 /* shortcuts_car */,
				492A443526E26F5D0007BA62 /* string_index_vals */,
				492A443626E26F5D0007BA62 /* nodes_ch_car */,
				492A443726E26F5D0007BA62 /* properties */,
				492A443826E26F5D0007BA62 /* location_index */,
				492A443926E26F5D0007BA62 /* geometry */,
				492A443A26E26F5D0007BA62 /* edges */,
			);
			name = "graph-data.osm-gh";
			path = "../graphhopper/graph-data.osm-gh";
			sourceTree = "<group>";
		};
		FABCD8C71A0A61430013FB88 = {
			isa = PBXGroup;
			children = (
				FAFEF8841A0BE8FB002C11A3 /* graphhopper.xcodeproj */,
				FABCD8D21A0A61430013FB88 /* graphhopper-ios-sample */,
				FABCD8EC1A0A61430013FB88 /* graphhopper-ios-sampleTests */,
				FAF480921A10D97D00B20D8C /* MBAutoGrowingTextView */,
				FABCD9A51A0AB4550013FB88 /* Graph */,
				FABCD8D11A0A61430013FB88 /* Products */,
				FAFEF8A61A0BE988002C11A3 /* Translations */,
				492A443126E26F5D0007BA62 /* graph-data.osm-gh */,
				492A441B26E267C30007BA62 /* mbxmapkit */,
				FABCD9021A0A62860013FB88 /* Libraries */,
				FAEF863C1EF6B66400644A71 /* Frameworks */,
			);
			sourceTree = "<group>";
		};
		FABCD8D11A0A61430013FB88 /* Products */ = {
			isa = PBXGroup;
			children = (
				FABCD8D01A0A61430013FB88 /* graphhopper-ios-sample.app */,
				FABCD8E91A0A61430013FB88 /* graphhopper-ios-sampleTests.xctest */,
			);
			name = Products;
			sourceTree = "<group>";
		};
		FABCD8D21A0A61430013FB88 /* graphhopper-ios-sample */ = {
			isa = PBXGroup;
			children = (
				FABCD8D71A0A61430013FB88 /* AppDelegate.h */,
				FABCD8D81A0A61430013FB88 /* AppDelegate.m */,
				FABCD9671A0A8C620013FB88 /* Directions.h */,
				FABCD9681A0A8C620013FB88 /* Directions.m */,
				FABCD8DA1A0A61430013FB88 /* ViewController.h */,
				FABCD8DB1A0A61430013FB88 /* ViewController.m */,
				FABCD93E1A0A65020013FB88 /* Main_iPad.storyboard */,
				FABCD9401A0A65020013FB88 /* Main_iPhone.storyboard */,
				FABCD8E01A0A61430013FB88 /* Images.xcassets */,
				FABCD8E21A0A61430013FB88 /* LaunchScreen.xib */,
				FABCD8D31A0A61430013FB88 /* Supporting Files */,
			);
			path = "graphhopper-ios-sample";
			sourceTree = "<group>";
		};
		FABCD8D31A0A61430013FB88 /* Supporting Files */ = {
			isa = PBXGroup;
			children = (
				FABCD8D41A0A61430013FB88 /* Info.plist */,
				FABCD8D51A0A61430013FB88 /* main.m */,
				FABCD9551A0A6C310013FB88 /* PrefixHeader.pch */,
			);
			name = "Supporting Files";
			sourceTree = "<group>";
		};
		FABCD8EC1A0A61430013FB88 /* graphhopper-ios-sampleTests */ = {
			isa = PBXGroup;
			children = (
				FABCD8EF1A0A61430013FB88 /* graphhopper_ios_sampleTests.m */,
				FABCD8ED1A0A61430013FB88 /* Supporting Files */,
			);
			path = "graphhopper-ios-sampleTests";
			sourceTree = "<group>";
		};
		FABCD8ED1A0A61430013FB88 /* Supporting Files */ = {
			isa = PBXGroup;
			children = (
				FABCD8EE1A0A61430013FB88 /* Info.plist */,
			);
			name = "Supporting Files";
			sourceTree = "<group>";
		};
		FABCD9021A0A62860013FB88 /* Libraries */ = {
			isa = PBXGroup;
			children = (
				FA59C1751AADB8AB0093F77B /* libicucore.dylib */,
				FABCD93A1A0A62EE0013FB88 /* libsqlite3.dylib */,
				FABCD9381A0A62E20013FB88 /* Security.framework */,
				FABCD9361A0A62D90013FB88 /* libz.dylib */,
				FAFEF88A1A0BE96D002C11A3 /* libjre_emul.a */,
				FAFEF88C1A0BE96D002C11A3 /* libgraphhopper.a */,
			);
			name = Libraries;
			path = "../graphhopper-ios";
			sourceTree = "<group>";
		};
		FABCD9A51A0AB4550013FB88 /* Graph */ = {
			isa = PBXGroup;
			children = (
				492A444E26E272000007BA62 /* graph-data.osm-gh */,
			);
			name = Graph;
			sourceTree = "<group>";
		};
		FAEF863C1EF6B66400644A71 /* Frameworks */ = {
			isa = PBXGroup;
			children = (
				FAEF863D1EF6B66400644A71 /* libiconv.tbd */,
			);
			name = Frameworks;
			sourceTree = "<group>";
		};
		FAF480921A10D97D00B20D8C /* MBAutoGrowingTextView */ = {
			isa = PBXGroup;
			children = (
				FAF480931A10D97D00B20D8C /* MBAutoGrowingTextView.h */,
				FAF480941A10D97D00B20D8C /* MBAutoGrowingTextView.m */,
			);
			path = MBAutoGrowingTextView;
			sourceTree = "<group>";
		};
		FAFEF8851A0BE8FB002C11A3 /* Products */ = {
			isa = PBXGroup;
			children = (
			);
			name = Products;
			sourceTree = "<group>";
		};
		FAFEF8A61A0BE988002C11A3 /* Translations */ = {
			isa = PBXGroup;
			children = (
				492A43D126E267090007BA62 /* ar.txt */,
				492A43DD26E267090007BA62 /* ast.txt */,
				492A43E126E267090007BA62 /* bg.txt */,
				492A43C526E267090007BA62 /* ca.txt */,
				492A43EF26E2670A0007BA62 /* cs_CZ.txt */,
				492A43D926E267090007BA62 /* da_DK.txt */,
				492A43DC26E267090007BA62 /* de_DE.txt */,
				492A43D026E267090007BA62 /* el.txt */,
				492A43D526E267090007BA62 /* en_US.txt */,
				492A43ED26E2670A0007BA62 /* eo.txt */,
				492A43EC26E2670A0007BA62 /* es.txt */,
				492A43EE26E2670A0007BA62 /* fa.txt */,
				492A43D326E267090007BA62 /* fi.txt */,
				492A43E726E2670A0007BA62 /* fil.txt */,
				492A43EB26E2670A0007BA62 /* fr_CH.txt */,
				492A43DB26E267090007BA62 /* fr_FR.txt */,
				492A43DA26E267090007BA62 /* gl.txt */,
				492A43D226E267090007BA62 /* he.txt */,
				492A43CD26E267090007BA62 /* hr_HR.txt */,
				492A43D626E267090007BA62 /* hsb.txt */,
				492A43D426E267090007BA62 /* hu_HU.txt */,
				492A43CC26E267090007BA62 /* in_ID.txt */,
				492A43E626E2670A0007BA62 /* it.txt */,
				492A43E826E2670A0007BA62 /* ja.txt */,
				492A43DE26E267090007BA62 /* ko.txt */,
				492A43C626E267090007BA62 /* lt_LT.txt */,
				492A43E226E2670A0007BA62 /* ne.txt */,
				492A43D726E267090007BA62 /* nl.txt */,
				492A43C726E267090007BA62 /* pl_PL.txt */,
				492A43DF26E267090007BA62 /* pt_BR.txt */,
				492A43C826E267090007BA62 /* pt_PT.txt */,
				492A43E026E267090007BA62 /* ro.txt */,
				492A43E326E2670A0007BA62 /* ru.txt */,
				492A43CE26E267090007BA62 /* sk.txt */,
				492A43D826E267090007BA62 /* sl_SI.txt */,
				492A43C926E267090007BA62 /* sr_RS.txt */,
				492A43CF26E267090007BA62 /* sv_SE.txt */,
				492A43CA26E267090007BA62 /* tr.txt */,
				492A43E926E2670A0007BA62 /* uk.txt */,
				492A43CB26E267090007BA62 /* vi_VN.txt */,
				492A43E426E2670A0007BA62 /* zh_CN.txt */,
				492A43EA26E2670A0007BA62 /* zh_HK.txt */,
				492A43E526E2670A0007BA62 /* zh_TW.txt */,
			);
			name = Translations;
			path = ..;
			sourceTree = "<group>";
		};
/* End PBXGroup section */

/* Begin PBXNativeTarget section */
		FABCD8CF1A0A61430013FB88 /* graphhopper-ios-sample */ = {
			isa = PBXNativeTarget;
			buildConfigurationList = FABCD8F31A0A61430013FB88 /* Build configuration list for PBXNativeTarget "graphhopper-ios-sample" */;
			buildPhases = (
				FABCD8CC1A0A61430013FB88 /* Sources */,
				FABCD8CD1A0A61430013FB88 /* Frameworks */,
				FABCD8CE1A0A61430013FB88 /* Resources */,
				653FD1E72444D7B500A02EBC /* CopyFiles */,
			);
			buildRules = (
			);
			dependencies = (
				FAFEF8BE1A0BE996002C11A3 /* PBXTargetDependency */,
			);
			name = "graphhopper-ios-sample";
			productName = "graphhopper-ios-sample";
			productReference = FABCD8D01A0A61430013FB88 /* graphhopper-ios-sample.app */;
			productType = "com.apple.product-type.application";
		};
		FABCD8E81A0A61430013FB88 /* graphhopper-ios-sampleTests */ = {
			isa = PBXNativeTarget;
			buildConfigurationList = FABCD8F61A0A61430013FB88 /* Build configuration list for PBXNativeTarget "graphhopper-ios-sampleTests" */;
			buildPhases = (
				FABCD8E51A0A61430013FB88 /* Sources */,
				FABCD8E61A0A61430013FB88 /* Frameworks */,
				FABCD8E71A0A61430013FB88 /* Resources */,
			);
			buildRules = (
			);
			dependencies = (
				FABCD8EB1A0A61430013FB88 /* PBXTargetDependency */,
			);
			name = "graphhopper-ios-sampleTests";
			productName = "graphhopper-ios-sampleTests";
			productReference = FABCD8E91A0A61430013FB88 /* graphhopper-ios-sampleTests.xctest */;
			productType = "com.apple.product-type.bundle.unit-test";
		};
/* End PBXNativeTarget section */

/* Begin PBXProject section */
		FABCD8C81A0A61430013FB88 /* Project object */ = {
			isa = PBXProject;
			attributes = {
				LastUpgradeCheck = 0800;
				ORGANIZATIONNAME = "Calin Seciu";
				TargetAttributes = {
					FABCD8CF1A0A61430013FB88 = {
						CreatedOnToolsVersion = 6.1;
						DevelopmentTeam = G9EB5WLV5Z;
						SystemCapabilities = {
							com.apple.Maps.iOS = {
								enabled = 1;
							};
						};
					};
					FABCD8E81A0A61430013FB88 = {
						CreatedOnToolsVersion = 6.1;
						DevelopmentTeam = 2RAYNCVBR5;
						TestTargetID = FABCD8CF1A0A61430013FB88;
					};
				};
			};
			buildConfigurationList = FABCD8CB1A0A61430013FB88 /* Build configuration list for PBXProject "graphhopper-ios-sample" */;
			compatibilityVersion = "Xcode 3.2";
			developmentRegion = English;
			hasScannedForEncodings = 0;
			knownRegions = (
				English,
				en,
				Base,
			);
			mainGroup = FABCD8C71A0A61430013FB88;
			productRefGroup = FABCD8D11A0A61430013FB88 /* Products */;
			projectDirPath = "";
			projectReferences = (
				{
					ProductGroup = FAFEF8851A0BE8FB002C11A3 /* Products */;
					ProjectRef = FAFEF8841A0BE8FB002C11A3 /* graphhopper.xcodeproj */;
				},
			);
			projectRoot = "";
			targets = (
				FABCD8CF1A0A61430013FB88 /* graphhopper-ios-sample */,
				FABCD8E81A0A61430013FB88 /* graphhopper-ios-sampleTests */,
			);
		};
/* End PBXProject section */

/* Begin PBXResourcesBuildPhase section */
		FABCD8CE1A0A61430013FB88 /* Resources */ = {
			isa = PBXResourcesBuildPhase;
			buildActionMask = 2147483647;
			files = (
				492A443F26E26F5D0007BA62 /* nodes_ch_car in Resources */,
				492A440426E2670A0007BA62 /* da_DK.txt in Resources */,
				492A440326E2670A0007BA62 /* sl_SI.txt in Resources */,
				492A440626E2670A0007BA62 /* fr_FR.txt in Resources */,
				492A440826E2670A0007BA62 /* ast.txt in Resources */,
				492A444226E26F5D0007BA62 /* geometry in Resources */,
				492A43F426E2670A0007BA62 /* sr_RS.txt in Resources */,
				492A43FF26E2670A0007BA62 /* hu_HU.txt in Resources */,
				492A441926E2670A0007BA62 /* fa.txt in Resources */,
				492A440B26E2670A0007BA62 /* ro.txt in Resources */,
				492A43F626E2670A0007BA62 /* vi_VN.txt in Resources */,
				492A441A26E2670A0007BA62 /* cs_CZ.txt in Resources */,
				492A443B26E26F5D0007BA62 /* string_index_keys in Resources */,
				492A440026E2670A0007BA62 /* en_US.txt in Resources */,
				FABCD9421A0A65020013FB88 /* Main_iPad.storyboard in Resources */,
				FABCD9431A0A65020013FB88 /* Main_iPhone.storyboard in Resources */,
				492A43F026E2670A0007BA62 /* ca.txt in Resources */,
				492A43FD26E2670A0007BA62 /* he.txt in Resources */,
				492A441626E2670A0007BA62 /* fr_CH.txt in Resources */,
				492A441126E2670A0007BA62 /* it.txt in Resources */,
				492A444F26E272000007BA62 /* graph-data.osm-gh in Resources */,
				492A43F926E2670A0007BA62 /* sk.txt in Resources */,
				492A440726E2670A0007BA62 /* de_DE.txt in Resources */,
				492A441226E2670A0007BA62 /* fil.txt in Resources */,
				492A440A26E2670A0007BA62 /* pt_BR.txt in Resources */,
				492A441326E2670A0007BA62 /* ja.txt in Resources */,
				492A440926E2670A0007BA62 /* ko.txt in Resources */,
				492A43FC26E2670A0007BA62 /* ar.txt in Resources */,
				492A43FA26E2670A0007BA62 /* sv_SE.txt in Resources */,
				492A43F126E2670A0007BA62 /* lt_LT.txt in Resources */,
				492A43FB26E2670A0007BA62 /* el.txt in Resources */,
				492A441826E2670A0007BA62 /* eo.txt in Resources */,
				492A441526E2670A0007BA62 /* zh_HK.txt in Resources */,
				492A440226E2670A0007BA62 /* nl.txt in Resources */,
				492A43F526E2670A0007BA62 /* tr.txt in Resources */,
				FABCD8E41A0A61430013FB88 /* LaunchScreen.xib in Resources */,
				492A441026E2670A0007BA62 /* zh_TW.txt in Resources */,
				492A440526E2670A0007BA62 /* gl.txt in Resources */,
				492A444326E26F5D0007BA62 /* edges in Resources */,
				492A43F226E2670A0007BA62 /* pl_PL.txt in Resources */,
				492A440E26E2670A0007BA62 /* ru.txt in Resources */,
				492A443E26E26F5D0007BA62 /* string_index_vals in Resources */,
				492A440C26E2670A0007BA62 /* bg.txt in Resources */,
				492A43FE26E2670A0007BA62 /* fi.txt in Resources */,
				492A440F26E2670A0007BA62 /* zh_CN.txt in Resources */,
				492A43F326E2670A0007BA62 /* pt_PT.txt in Resources */,
				492A440D26E2670A0007BA62 /* ne.txt in Resources */,
				492A440126E2670A0007BA62 /* hsb.txt in Resources */,
				492A441726E2670A0007BA62 /* es.txt in Resources */,
				492A43F726E2670A0007BA62 /* in_ID.txt in Resources */,
				492A443D26E26F5D0007BA62 /* shortcuts_car in Resources */,
				492A444026E26F5D0007BA62 /* properties in Resources */,
				492A43F826E2670A0007BA62 /* hr_HR.txt in Resources */,
				492A444126E26F5D0007BA62 /* location_index in Resources */,
				492A441426E2670A0007BA62 /* uk.txt in Resources */,
				492A443C26E26F5D0007BA62 /* nodes in Resources */,
				FABCD8E11A0A61430013FB88 /* Images.xcassets in Resources */,
			);
			runOnlyForDeploymentPostprocessing = 0;
		};
		FABCD8E71A0A61430013FB88 /* Resources */ = {
			isa = PBXResourcesBuildPhase;
			buildActionMask = 2147483647;
			files = (
			);
			runOnlyForDeploymentPostprocessing = 0;
		};
/* End PBXResourcesBuildPhase section */

/* Begin PBXSourcesBuildPhase section */
		FABCD8CC1A0A61430013FB88 /* Sources */ = {
			isa = PBXSourcesBuildPhase;
			buildActionMask = 2147483647;
			files = (
				492A442E26E267C40007BA62 /* MBXRasterTileRenderer.m in Sources */,
				492A442A26E267C40007BA62 /* MBXOfflineMapDatabase.m in Sources */,
				FAF480951A10D97D00B20D8C /* MBAutoGrowingTextView.m in Sources */,
				492A442C26E267C40007BA62 /* MBXOfflineMapDownloader.m in Sources */,
				492A442D26E267C40007BA62 /* MBXRasterTileOverlay.m in Sources */,
				FABCD8DC1A0A61430013FB88 /* ViewController.m in Sources */,
				492A442B26E267C40007BA62 /* MBXMapKit.m in Sources */,
				FABCD8D91A0A61430013FB88 /* AppDelegate.m in Sources */,
				492A442926E267C40007BA62 /* MBXPointAnnotation.m in Sources */,
				FABCD8D61A0A61430013FB88 /* main.m in Sources */,
				FABCD9691A0A8C620013FB88 /* Directions.m in Sources */,
			);
			runOnlyForDeploymentPostprocessing = 0;
		};
		FABCD8E51A0A61430013FB88 /* Sources */ = {
			isa = PBXSourcesBuildPhase;
			buildActionMask = 2147483647;
			files = (
				FABCD8F01A0A61430013FB88 /* graphhopper_ios_sampleTests.m in Sources */,
			);
			runOnlyForDeploymentPostprocessing = 0;
		};
/* End PBXSourcesBuildPhase section */

/* Begin PBXTargetDependency section */
		FABCD8EB1A0A61430013FB88 /* PBXTargetDependency */ = {
			isa = PBXTargetDependency;
			target = FABCD8CF1A0A61430013FB88 /* graphhopper-ios-sample */;
			targetProxy = FABCD8EA1A0A61430013FB88 /* PBXContainerItemProxy */;
		};
		FAFEF8BE1A0BE996002C11A3 /* PBXTargetDependency */ = {
			isa = PBXTargetDependency;
			name = graphhopper;
			targetProxy = FAFEF8BD1A0BE996002C11A3 /* PBXContainerItemProxy */;
		};
/* End PBXTargetDependency section */

/* Begin PBXVariantGroup section */
		FABCD8E21A0A61430013FB88 /* LaunchScreen.xib */ = {
			isa = PBXVariantGroup;
			children = (
				FABCD8E31A0A61430013FB88 /* Base */,
			);
			name = LaunchScreen.xib;
			sourceTree = "<group>";
		};
		FABCD93E1A0A65020013FB88 /* Main_iPad.storyboard */ = {
			isa = PBXVariantGroup;
			children = (
				FABCD93F1A0A65020013FB88 /* Base */,
			);
			name = Main_iPad.storyboard;
			sourceTree = "<group>";
		};
		FABCD9401A0A65020013FB88 /* Main_iPhone.storyboard */ = {
			isa = PBXVariantGroup;
			children = (
				FABCD9411A0A65020013FB88 /* Base */,
			);
			name = Main_iPhone.storyboard;
			sourceTree = "<group>";
		};
/* End PBXVariantGroup section */

/* Begin XCBuildConfiguration section */
		FABCD8F11A0A61430013FB88 /* Debug */ = {
			isa = XCBuildConfiguration;
			buildSettings = {
				ALWAYS_SEARCH_USER_PATHS = NO;
				CLANG_CXX_LANGUAGE_STANDARD = "gnu++0x";
				CLANG_CXX_LIBRARY = "libc++";
				CLANG_ENABLE_MODULES = YES;
				CLANG_ENABLE_OBJC_ARC = YES;
				CLANG_WARN_BOOL_CONVERSION = YES;
				CLANG_WARN_CONSTANT_CONVERSION = YES;
				CLANG_WARN_DIRECT_OBJC_ISA_USAGE = YES_ERROR;
				CLANG_WARN_EMPTY_BODY = YES;
				CLANG_WARN_ENUM_CONVERSION = YES;
				CLANG_WARN_INFINITE_RECURSION = YES;
				CLANG_WARN_INT_CONVERSION = YES;
				CLANG_WARN_OBJC_ROOT_CLASS = YES_ERROR;
				CLANG_WARN_SUSPICIOUS_MOVE = YES;
				CLANG_WARN_UNREACHABLE_CODE = YES;
				CLANG_WARN__DUPLICATE_METHOD_MATCH = YES;
				"CODE_SIGN_IDENTITY[sdk=iphoneos*]" = "iPhone Developer";
				COPY_PHASE_STRIP = NO;
				ENABLE_STRICT_OBJC_MSGSEND = YES;
				ENABLE_TESTABILITY = YES;
				GCC_C_LANGUAGE_STANDARD = gnu99;
				GCC_DYNAMIC_NO_PIC = NO;
				GCC_NO_COMMON_BLOCKS = YES;
				GCC_OPTIMIZATION_LEVEL = 0;
				GCC_PREPROCESSOR_DEFINITIONS = (
					"DEBUG=1",
					"$(inherited)",
				);
				GCC_SYMBOLS_PRIVATE_EXTERN = NO;
				GCC_WARN_64_TO_32_BIT_CONVERSION = YES;
				GCC_WARN_ABOUT_RETURN_TYPE = YES_ERROR;
				GCC_WARN_UNDECLARED_SELECTOR = YES;
				GCC_WARN_UNINITIALIZED_AUTOS = YES_AGGRESSIVE;
				GCC_WARN_UNUSED_FUNCTION = YES;
				GCC_WARN_UNUSED_VARIABLE = YES;
				IPHONEOS_DEPLOYMENT_TARGET = 11.0;
				MTL_ENABLE_DEBUG_INFO = YES;
				ONLY_ACTIVE_ARCH = YES;
				SDKROOT = iphoneos;
				TARGETED_DEVICE_FAMILY = "1,2";
			};
			name = Debug;
		};
		FABCD8F21A0A61430013FB88 /* Release */ = {
			isa = XCBuildConfiguration;
			buildSettings = {
				ALWAYS_SEARCH_USER_PATHS = NO;
				CLANG_CXX_LANGUAGE_STANDARD = "gnu++0x";
				CLANG_CXX_LIBRARY = "libc++";
				CLANG_ENABLE_MODULES = YES;
				CLANG_ENABLE_OBJC_ARC = YES;
				CLANG_WARN_BOOL_CONVERSION = YES;
				CLANG_WARN_CONSTANT_CONVERSION = YES;
				CLANG_WARN_DIRECT_OBJC_ISA_USAGE = YES_ERROR;
				CLANG_WARN_EMPTY_BODY = YES;
				CLANG_WARN_ENUM_CONVERSION = YES;
				CLANG_WARN_INFINITE_RECURSION = YES;
				CLANG_WARN_INT_CONVERSION = YES;
				CLANG_WARN_OBJC_ROOT_CLASS = YES_ERROR;
				CLANG_WARN_SUSPICIOUS_MOVE = YES;
				CLANG_WARN_UNREACHABLE_CODE = YES;
				CLANG_WARN__DUPLICATE_METHOD_MATCH = YES;
				"CODE_SIGN_IDENTITY[sdk=iphoneos*]" = "iPhone Developer";
				COPY_PHASE_STRIP = YES;
				ENABLE_NS_ASSERTIONS = NO;
				ENABLE_STRICT_OBJC_MSGSEND = YES;
				GCC_C_LANGUAGE_STANDARD = gnu99;
				GCC_NO_COMMON_BLOCKS = YES;
				GCC_WARN_64_TO_32_BIT_CONVERSION = YES;
				GCC_WARN_ABOUT_RETURN_TYPE = YES_ERROR;
				GCC_WARN_UNDECLARED_SELECTOR = YES;
				GCC_WARN_UNINITIALIZED_AUTOS = YES_AGGRESSIVE;
				GCC_WARN_UNUSED_FUNCTION = YES;
				GCC_WARN_UNUSED_VARIABLE = YES;
				IPHONEOS_DEPLOYMENT_TARGET = 11.0;
				MTL_ENABLE_DEBUG_INFO = NO;
				SDKROOT = iphoneos;
				TARGETED_DEVICE_FAMILY = "1,2";
				VALIDATE_PRODUCT = YES;
			};
			name = Release;
		};
		FABCD8F41A0A61430013FB88 /* Debug */ = {
			isa = XCBuildConfiguration;
			buildSettings = {
				ASSETCATALOG_COMPILER_APPICON_NAME = AppIcon;
				CODE_SIGN_IDENTITY = "iPhone Developer";
				"CODE_SIGN_IDENTITY[sdk=iphoneos*]" = "iPhone Developer";
				DEVELOPMENT_TEAM = G9EB5WLV5Z;
				ENABLE_BITCODE = NO;
				GCC_PRECOMPILE_PREFIX_HEADER = YES;
				GCC_PREFIX_HEADER = "graphhopper-ios-sample/PrefixHeader.pch";
				INFOPLIST_FILE = "graphhopper-ios-sample/Info.plist";
				IPHONEOS_DEPLOYMENT_TARGET = 11.0;
				LD_RUNPATH_SEARCH_PATHS = "$(inherited) @executable_path/Frameworks";
				LIBRARY_SEARCH_PATHS = (
					"$(inherited)",
					"$(PROJECT_DIR)/../j2objc/lib",
					"$(PROJECT_DIR)/../build",
				);
				OTHER_LDFLAGS = "-ObjC";
				PRODUCT_BUNDLE_IDENTIFIER = "com.graphhopper.$(PRODUCT_NAME:rfc1034identifier)";
				PRODUCT_NAME = "$(TARGET_NAME)";
				PROVISIONING_PROFILE = "";
				USER_HEADER_SEARCH_PATHS = "$(PROJECT_DIR)/../j2objc/include $(PROJECT_DIR)/../src";
			};
			name = Debug;
		};
		FABCD8F51A0A61430013FB88 /* Release */ = {
			isa = XCBuildConfiguration;
			buildSettings = {
				ASSETCATALOG_COMPILER_APPICON_NAME = AppIcon;
				CODE_SIGN_IDENTITY = "iPhone Developer";
				"CODE_SIGN_IDENTITY[sdk=iphoneos*]" = "iPhone Developer";
				DEVELOPMENT_TEAM = G9EB5WLV5Z;
				ENABLE_BITCODE = NO;
				GCC_PRECOMPILE_PREFIX_HEADER = YES;
				GCC_PREFIX_HEADER = "graphhopper-ios-sample/PrefixHeader.pch";
				INFOPLIST_FILE = "graphhopper-ios-sample/Info.plist";
				IPHONEOS_DEPLOYMENT_TARGET = 11.0;
				LD_RUNPATH_SEARCH_PATHS = "$(inherited) @executable_path/Frameworks";
				LIBRARY_SEARCH_PATHS = (
					"$(inherited)",
					"$(PROJECT_DIR)/../j2objc/lib",
					"$(PROJECT_DIR)/../build",
				);
				OTHER_LDFLAGS = "-ObjC";
				PRODUCT_BUNDLE_IDENTIFIER = "com.graphhopper.$(PRODUCT_NAME:rfc1034identifier)";
				PRODUCT_NAME = "$(TARGET_NAME)";
				PROVISIONING_PROFILE = "";
				USER_HEADER_SEARCH_PATHS = "$(PROJECT_DIR)/../j2objc/include $(PROJECT_DIR)/../src";
			};
			name = Release;
		};
		FABCD8F71A0A61430013FB88 /* Debug */ = {
			isa = XCBuildConfiguration;
			buildSettings = {
				BUNDLE_LOADER = "$(TEST_HOST)";
				DEVELOPMENT_TEAM = 2RAYNCVBR5;
				FRAMEWORK_SEARCH_PATHS = (
					"$(SDKROOT)/Developer/Library/Frameworks",
					"$(inherited)",
				);
				GCC_PREPROCESSOR_DEFINITIONS = (
					"DEBUG=1",
					"$(inherited)",
				);
				INFOPLIST_FILE = "graphhopper-ios-sampleTests/Info.plist";
				LD_RUNPATH_SEARCH_PATHS = "$(inherited) @executable_path/Frameworks @loader_path/Frameworks";
				PRODUCT_BUNDLE_IDENTIFIER = "com.graphhopper.$(PRODUCT_NAME:rfc1034identifier)";
				PRODUCT_NAME = "$(TARGET_NAME)";
				TEST_HOST = "$(BUILT_PRODUCTS_DIR)/graphhopper-ios-sample.app/graphhopper-ios-sample";
			};
			name = Debug;
		};
		FABCD8F81A0A61430013FB88 /* Release */ = {
			isa = XCBuildConfiguration;
			buildSettings = {
				BUNDLE_LOADER = "$(TEST_HOST)";
				DEVELOPMENT_TEAM = 2RAYNCVBR5;
				FRAMEWORK_SEARCH_PATHS = (
					"$(SDKROOT)/Developer/Library/Frameworks",
					"$(inherited)",
				);
				INFOPLIST_FILE = "graphhopper-ios-sampleTests/Info.plist";
				LD_RUNPATH_SEARCH_PATHS = "$(inherited) @executable_path/Frameworks @loader_path/Frameworks";
				PRODUCT_BUNDLE_IDENTIFIER = "com.graphhopper.$(PRODUCT_NAME:rfc1034identifier)";
				PRODUCT_NAME = "$(TARGET_NAME)";
				TEST_HOST = "$(BUILT_PRODUCTS_DIR)/graphhopper-ios-sample.app/graphhopper-ios-sample";
			};
			name = Release;
		};
/* End XCBuildConfiguration section */

/* Begin XCConfigurationList section */
		FABCD8CB1A0A61430013FB88 /* Build configuration list for PBXProject "graphhopper-ios-sample" */ = {
			isa = XCConfigurationList;
			buildConfigurations = (
				FABCD8F11A0A61430013FB88 /* Debug */,
				FABCD8F21A0A61430013FB88 /* Release */,
			);
			defaultConfigurationIsVisible = 0;
			defaultConfigurationName = Release;
		};
		FABCD8F31A0A61430013FB88 /* Build configuration list for PBXNativeTarget "graphhopper-ios-sample" */ = {
			isa = XCConfigurationList;
			buildConfigurations = (
				FABCD8F41A0A61430013FB88 /* Debug */,
				FABCD8F51A0A61430013FB88 /* Release */,
			);
			defaultConfigurationIsVisible = 0;
			defaultConfigurationName = Release;
		};
		FABCD8F61A0A61430013FB88 /* Build configuration list for PBXNativeTarget "graphhopper-ios-sampleTests" */ = {
			isa = XCConfigurationList;
			buildConfigurations = (
				FABCD8F71A0A61430013FB88 /* Debug */,
				FABCD8F81A0A61430013FB88 /* Release */,
			);
			defaultConfigurationIsVisible = 0;
			defaultConfigurationName = Release;
		};
/* End XCConfigurationList section */
	};
	rootObject = FABCD8C81A0A61430013FB88 /* Project object */;
}
