// !$*UTF8*$!
{
	archiveVersion = 1;
	classes = {
	};
	objectVersion = 46;
	objects = {

/* Begin PBXBuildFile section */
		EDB2C1A2248ED37200B6680C /* ar.txt in CopyFiles */ = {isa = PBXBuildFile; fileRef = EDB2C13E248EBAD600B6680C /* ar.txt */; };
		EDB2C1A3248ED37200B6680C /* ast.txt in CopyFiles */ = {isa = PBXBuildFile; fileRef = EDB2C142248EBAD700B6680C /* ast.txt */; };
		EDB2C1A4248ED37200B6680C /* bg.txt in CopyFiles */ = {isa = PBXBuildFile; fileRef = EDB2C145248EBAD700B6680C /* bg.txt */; };
		EDB2C1A5248ED37200B6680C /* bn_BN.txt in CopyFiles */ = {isa = PBXBuildFile; fileRef = EDB2C149248EBAD700B6680C /* bn_BN.txt */; };
		EDB2C1A6248ED37200B6680C /* ca.txt in CopyFiles */ = {isa = PBXBuildFile; fileRef = EDB2C13F248EBAD600B6680C /* ca.txt */; };
		EDB2C1A7248ED37200B6680C /* cs_CZ.txt in CopyFiles */ = {isa = PBXBuildFile; fileRef = EDB2C138248EBAD600B6680C /* cs_CZ.txt */; };
		EDB2C1A8248ED37200B6680C /* da_DK.txt in CopyFiles */ = {isa = PBXBuildFile; fileRef = EDB2C130248EBAD500B6680C /* da_DK.txt */; };
		EDB2C1A9248ED37200B6680C /* de_DE.txt in CopyFiles */ = {isa = PBXBuildFile; fileRef = EDB2C12B248EBAD500B6680C /* de_DE.txt */; };
		EDB2C1AA248ED37200B6680C /* el.txt in CopyFiles */ = {isa = PBXBuildFile; fileRef = EDB2C12A248EBAD500B6680C /* el.txt */; };
		EDB2C1AB248ED37200B6680C /* en_US.txt in CopyFiles */ = {isa = PBXBuildFile; fileRef = EDB2C141248EBAD700B6680C /* en_US.txt */; };
		EDB2C1AC248ED37200B6680C /* eo.txt in CopyFiles */ = {isa = PBXBuildFile; fileRef = EDB2C137248EBAD600B6680C /* eo.txt */; };
		EDB2C1AD248ED37200B6680C /* es.txt in CopyFiles */ = {isa = PBXBuildFile; fileRef = EDB2C13C248EBAD600B6680C /* es.txt */; };
		EDB2C1AE248ED37200B6680C /* fa.txt in CopyFiles */ = {isa = PBXBuildFile; fileRef = EDB2C11E248EBAD400B6680C /* fa.txt */; };
		EDB2C1AF248ED37200B6680C /* fi.txt in CopyFiles */ = {isa = PBXBuildFile; fileRef = EDB2C13B248EBAD600B6680C /* fi.txt */; };
		EDB2C1B0248ED37200B6680C /* fil.txt in CopyFiles */ = {isa = PBXBuildFile; fileRef = EDB2C139248EBAD600B6680C /* fil.txt */; };
		EDB2C1B1248ED37200B6680C /* fr_CH.txt in CopyFiles */ = {isa = PBXBuildFile; fileRef = EDB2C126248EBAD500B6680C /* fr_CH.txt */; };
		EDB2C1B2248ED37200B6680C /* fr_FR.txt in CopyFiles */ = {isa = PBXBuildFile; fileRef = EDB2C133248EBAD600B6680C /* fr_FR.txt */; };
		EDB2C1B3248ED37200B6680C /* gl.txt in CopyFiles */ = {isa = PBXBuildFile; fileRef = EDB2C132248EBAD500B6680C /* gl.txt */; };
		EDB2C1B4248ED37200B6680C /* he.txt in CopyFiles */ = {isa = PBXBuildFile; fileRef = EDB2C134248EBAD600B6680C /* he.txt */; };
		EDB2C1B5248ED37200B6680C /* hr_HR.txt in CopyFiles */ = {isa = PBXBuildFile; fileRef = EDB2C121248EBAD400B6680C /* hr_HR.txt */; };
		EDB2C1B6248ED37200B6680C /* hsb.txt in CopyFiles */ = {isa = PBXBuildFile; fileRef = EDB2C123248EBAD400B6680C /* hsb.txt */; };
		EDB2C1B7248ED37200B6680C /* hu_HU.txt in CopyFiles */ = {isa = PBXBuildFile; fileRef = EDB2C11F248EBAD400B6680C /* hu_HU.txt */; };
		EDB2C1B8248ED37200B6680C /* in_ID.txt in CopyFiles */ = {isa = PBXBuildFile; fileRef = EDB2C129248EBAD500B6680C /* in_ID.txt */; };
		EDB2C1B9248ED37200B6680C /* it.txt in CopyFiles */ = {isa = PBXBuildFile; fileRef = EDB2C143248EBAD700B6680C /* it.txt */; };
		EDB2C1BA248ED37200B6680C /* ja.txt in CopyFiles */ = {isa = PBXBuildFile; fileRef = EDB2C136248EBAD600B6680C /* ja.txt */; };
		EDB2C1BB248ED37200B6680C /* ko.txt in CopyFiles */ = {isa = PBXBuildFile; fileRef = EDB2C146248EBAD700B6680C /* ko.txt */; };
		EDB2C1BC248ED37200B6680C /* lt_LT.txt in CopyFiles */ = {isa = PBXBuildFile; fileRef = EDB2C12E248EBAD500B6680C /* lt_LT.txt */; };
		EDB2C1BD248ED37200B6680C /* ne.txt in CopyFiles */ = {isa = PBXBuildFile; fileRef = EDB2C120248EBAD400B6680C /* ne.txt */; };
		EDB2C1BE248ED37200B6680C /* nl.txt in CopyFiles */ = {isa = PBXBuildFile; fileRef = EDB2C13A248EBAD600B6680C /* nl.txt */; };
		EDB2C1BF248ED37200B6680C /* pl_PL.txt in CopyFiles */ = {isa = PBXBuildFile; fileRef = EDB2C122248EBAD400B6680C /* pl_PL.txt */; };
		EDB2C1C0248ED37200B6680C /* pt_BR.txt in CopyFiles */ = {isa = PBXBuildFile; fileRef = EDB2C135248EBAD600B6680C /* pt_BR.txt */; };
		EDB2C1C1248ED37200B6680C /* pt_PT.txt in CopyFiles */ = {isa = PBXBuildFile; fileRef = EDB2C13D248EBAD600B6680C /* pt_PT.txt */; };
		EDB2C1C2248ED37200B6680C /* ro.txt in CopyFiles */ = {isa = PBXBuildFile; fileRef = EDB2C124248EBAD400B6680C /* ro.txt */; };
		EDB2C1C3248ED37200B6680C /* ru.txt in CopyFiles */ = {isa = PBXBuildFile; fileRef = EDB2C140248EBAD600B6680C /* ru.txt */; };
		EDB2C1C4248ED37200B6680C /* sk.txt in CopyFiles */ = {isa = PBXBuildFile; fileRef = EDB2C125248EBAD400B6680C /* sk.txt */; };
		EDB2C1C5248ED37200B6680C /* sl_SI.txt in CopyFiles */ = {isa = PBXBuildFile; fileRef = EDB2C12C248EBAD500B6680C /* sl_SI.txt */; };
		EDB2C1C6248ED37200B6680C /* sr_RS.txt in CopyFiles */ = {isa = PBXBuildFile; fileRef = EDB2C131248EBAD500B6680C /* sr_RS.txt */; };
		EDB2C1C7248ED37200B6680C /* sv_SE.txt in CopyFiles */ = {isa = PBXBuildFile; fileRef = EDB2C144248EBAD700B6680C /* sv_SE.txt */; };
		EDB2C1C8248ED37200B6680C /* tr.txt in CopyFiles */ = {isa = PBXBuildFile; fileRef = EDB2C127248EBAD500B6680C /* tr.txt */; };
		EDB2C1C9248ED37200B6680C /* uk.txt in CopyFiles */ = {isa = PBXBuildFile; fileRef = EDB2C12D248EBAD500B6680C /* uk.txt */; };
		EDB2C1CA248ED37200B6680C /* vi_VN.txt in CopyFiles */ = {isa = PBXBuildFile; fileRef = EDB2C128248EBAD500B6680C /* vi_VN.txt */; };
		EDB2C1CB248ED37200B6680C /* zh_CN.txt in CopyFiles */ = {isa = PBXBuildFile; fileRef = EDB2C147248EBAD700B6680C /* zh_CN.txt */; };
		EDB2C1CC248ED37200B6680C /* zh_HK.txt in CopyFiles */ = {isa = PBXBuildFile; fileRef = EDB2C148248EBAD700B6680C /* zh_HK.txt */; };
		EDB2C1CD248ED37200B6680C /* zh_TW.txt in CopyFiles */ = {isa = PBXBuildFile; fileRef = EDB2C12F248EBAD500B6680C /* zh_TW.txt */; };
		FA59C1761AADB8AB0093F77B /* libicucore.dylib in Frameworks */ = {isa = PBXBuildFile; fileRef = FA59C1751AADB8AB0093F77B /* libicucore.dylib */; };
		FABCD8D61A0A61430013FB88 /* main.m in Sources */ = {isa = PBXBuildFile; fileRef = FABCD8D51A0A61430013FB88 /* main.m */; };
		FABCD8D91A0A61430013FB88 /* AppDelegate.m in Sources */ = {isa = PBXBuildFile; fileRef = FABCD8D81A0A61430013FB88 /* AppDelegate.m */; };
		FABCD8DC1A0A61430013FB88 /* ViewController.m in Sources */ = {isa = PBXBuildFile; fileRef = FABCD8DB1A0A61430013FB88 /* ViewController.m */; };
		FABCD8E11A0A61430013FB88 /* Images.xcassets in Resources */ = {isa = PBXBuildFile; fileRef = FABCD8E01A0A61430013FB88 /* Images.xcassets */; };
		FABCD8E41A0A61430013FB88 /* LaunchScreen.xib in Resources */ = {isa = PBXBuildFile; fileRef = FABCD8E21A0A61430013FB88 /* LaunchScreen.xib */; };
		FABCD8F01A0A61430013FB88 /* graphhopper_ios_sampleTests.m in Sources */ = {isa = PBXBuildFile; fileRef = FABCD8EF1A0A61430013FB88 /* graphhopper_ios_sampleTests.m */; };
		FABCD9371A0A62D90013FB88 /* libz.dylib in Frameworks */ = {isa = PBXBuildFile; fileRef = FABCD9361A0A62D90013FB88 /* libz.dylib */; };
		FABCD9391A0A62E20013FB88 /* Security.framework in Frameworks */ = {isa = PBXBuildFile; fileRef = FABCD9381A0A62E20013FB88 /* Security.framework */; };
		FABCD93B1A0A62EE0013FB88 /* libsqlite3.dylib in Frameworks */ = {isa = PBXBuildFile; fileRef = FABCD93A1A0A62EE0013FB88 /* libsqlite3.dylib */; };
		FABCD9421A0A65020013FB88 /* Main_iPad.storyboard in Resources */ = {isa = PBXBuildFile; fileRef = FABCD93E1A0A65020013FB88 /* Main_iPad.storyboard */; };
		FABCD9431A0A65020013FB88 /* Main_iPhone.storyboard in Resources */ = {isa = PBXBuildFile; fileRef = FABCD9401A0A65020013FB88 /* Main_iPhone.storyboard */; };
		FABCD9691A0A8C620013FB88 /* Directions.m in Sources */ = {isa = PBXBuildFile; fileRef = FABCD9681A0A8C620013FB88 /* Directions.m */; };
		FAEF863E1EF6B66400644A71 /* libiconv.tbd in Frameworks */ = {isa = PBXBuildFile; fileRef = FAEF863D1EF6B66400644A71 /* libiconv.tbd */; };
		FAF480951A10D97D00B20D8C /* MBAutoGrowingTextView.m in Sources */ = {isa = PBXBuildFile; fileRef = FAF480941A10D97D00B20D8C /* MBAutoGrowingTextView.m */; };
		FAFEF8891A0BE918002C11A3 /* graph-data.osm-gh in Resources */ = {isa = PBXBuildFile; fileRef = FAFEF8881A0BE918002C11A3 /* graph-data.osm-gh */; };
		FAFEF88D1A0BE96D002C11A3 /* libjre_emul.a in Frameworks */ = {isa = PBXBuildFile; fileRef = FAFEF88A1A0BE96D002C11A3 /* libjre_emul.a */; };
		FAFEF88F1A0BE96D002C11A3 /* libgraphhopper.a in Frameworks */ = {isa = PBXBuildFile; fileRef = FAFEF88C1A0BE96D002C11A3 /* libgraphhopper.a */; };
		FAFEF8CE1A0BEC6D002C11A3 /* MBXMapKit.m in Sources */ = {isa = PBXBuildFile; fileRef = FAFEF8C51A0BEC6D002C11A3 /* MBXMapKit.m */; };
		FAFEF8CF1A0BEC6D002C11A3 /* MBXOfflineMapDatabase.m in Sources */ = {isa = PBXBuildFile; fileRef = FAFEF8C71A0BEC6D002C11A3 /* MBXOfflineMapDatabase.m */; };
		FAFEF8D01A0BEC6D002C11A3 /* MBXOfflineMapDownloader.m in Sources */ = {isa = PBXBuildFile; fileRef = FAFEF8C91A0BEC6D002C11A3 /* MBXOfflineMapDownloader.m */; };
		FAFEF8D11A0BEC6D002C11A3 /* MBXPointAnnotation.m in Sources */ = {isa = PBXBuildFile; fileRef = FAFEF8CB1A0BEC6D002C11A3 /* MBXPointAnnotation.m */; };
		FAFEF8D21A0BEC6D002C11A3 /* MBXRasterTileOverlay.m in Sources */ = {isa = PBXBuildFile; fileRef = FAFEF8CD1A0BEC6D002C11A3 /* MBXRasterTileOverlay.m */; };
/* End PBXBuildFile section */

/* Begin PBXContainerItemProxy section */
		FABCD8EA1A0A61430013FB88 /* PBXContainerItemProxy */ = {
			isa = PBXContainerItemProxy;
			containerPortal = FABCD8C81A0A61430013FB88 /* Project object */;
			proxyType = 1;
			remoteGlobalIDString = FABCD8CF1A0A61430013FB88;
			remoteInfo = "graphhopper-ios-sample";
		};
		FAFEF8BD1A0BE996002C11A3 /* PBXContainerItemProxy */ = {
			isa = PBXContainerItemProxy;
			containerPortal = FAFEF8841A0BE8FB002C11A3 /* graphhopper.xcodeproj */;
			proxyType = 1;
			remoteGlobalIDString = FAF57F741A04E10C00340FDB;
			remoteInfo = graphhopper;
		};
/* End PBXContainerItemProxy section */

/* Begin PBXCopyFilesBuildPhase section */
		653FD1E72444D7B500A02EBC /* CopyFiles */ = {
			isa = PBXCopyFilesBuildPhase;
			buildActionMask = 2147483647;
			dstPath = com/graphhopper/util;
			dstSubfolderSpec = 7;
			files = (
				EDB2C1A2248ED37200B6680C /* ar.txt in CopyFiles */,
				EDB2C1A3248ED37200B6680C /* ast.txt in CopyFiles */,
				EDB2C1A4248ED37200B6680C /* bg.txt in CopyFiles */,
				EDB2C1A5248ED37200B6680C /* bn_BN.txt in CopyFiles */,
				EDB2C1A6248ED37200B6680C /* ca.txt in CopyFiles */,
				EDB2C1A7248ED37200B6680C /* cs_CZ.txt in CopyFiles */,
				EDB2C1A8248ED37200B6680C /* da_DK.txt in CopyFiles */,
				EDB2C1A9248ED37200B6680C /* de_DE.txt in CopyFiles */,
				EDB2C1AA248ED37200B6680C /* el.txt in CopyFiles */,
				EDB2C1AB248ED37200B6680C /* en_US.txt in CopyFiles */,
				EDB2C1AC248ED37200B6680C /* eo.txt in CopyFiles */,
				EDB2C1AD248ED37200B6680C /* es.txt in CopyFiles */,
				EDB2C1AE248ED37200B6680C /* fa.txt in CopyFiles */,
				EDB2C1AF248ED37200B6680C /* fi.txt in CopyFiles */,
				EDB2C1B0248ED37200B6680C /* fil.txt in CopyFiles */,
				EDB2C1B1248ED37200B6680C /* fr_CH.txt in CopyFiles */,
				EDB2C1B2248ED37200B6680C /* fr_FR.txt in CopyFiles */,
				EDB2C1B3248ED37200B6680C /* gl.txt in CopyFiles */,
				EDB2C1B4248ED37200B6680C /* he.txt in CopyFiles */,
				EDB2C1B5248ED37200B6680C /* hr_HR.txt in CopyFiles */,
				EDB2C1B6248ED37200B6680C /* hsb.txt in CopyFiles */,
				EDB2C1B7248ED37200B6680C /* hu_HU.txt in CopyFiles */,
				EDB2C1B8248ED37200B6680C /* in_ID.txt in CopyFiles */,
				EDB2C1B9248ED37200B6680C /* it.txt in CopyFiles */,
				EDB2C1BA248ED37200B6680C /* ja.txt in CopyFiles */,
				EDB2C1BB248ED37200B6680C /* ko.txt in CopyFiles */,
				EDB2C1BC248ED37200B6680C /* lt_LT.txt in CopyFiles */,
				EDB2C1BD248ED37200B6680C /* ne.txt in CopyFiles */,
				EDB2C1BE248ED37200B6680C /* nl.txt in CopyFiles */,
				EDB2C1BF248ED37200B6680C /* pl_PL.txt in CopyFiles */,
				EDB2C1C0248ED37200B6680C /* pt_BR.txt in CopyFiles */,
				EDB2C1C1248ED37200B6680C /* pt_PT.txt in CopyFiles */,
				EDB2C1C2248ED37200B6680C /* ro.txt in CopyFiles */,
				EDB2C1C3248ED37200B6680C /* ru.txt in CopyFiles */,
				EDB2C1C4248ED37200B6680C /* sk.txt in CopyFiles */,
				EDB2C1C5248ED37200B6680C /* sl_SI.txt in CopyFiles */,
				EDB2C1C6248ED37200B6680C /* sr_RS.txt in CopyFiles */,
				EDB2C1C7248ED37200B6680C /* sv_SE.txt in CopyFiles */,
				EDB2C1C8248ED37200B6680C /* tr.txt in CopyFiles */,
				EDB2C1C9248ED37200B6680C /* uk.txt in CopyFiles */,
				EDB2C1CA248ED37200B6680C /* vi_VN.txt in CopyFiles */,
				EDB2C1CB248ED37200B6680C /* zh_CN.txt in CopyFiles */,
				EDB2C1CC248ED37200B6680C /* zh_HK.txt in CopyFiles */,
				EDB2C1CD248ED37200B6680C /* zh_TW.txt in CopyFiles */,
			);
			runOnlyForDeploymentPostprocessing = 0;
		};
/* End PBXCopyFilesBuildPhase section */

/* Begin PBXFileReference section */
		EDB2C11E248EBAD400B6680C /* fa.txt */ = {isa = PBXFileReference; fileEncoding = 4; lastKnownFileType = text; name = fa.txt; path = ../graphhopper/core/src/main/resources/com/graphhopper/util/fa.txt; sourceTree = "<group>"; };
		EDB2C11F248EBAD400B6680C /* hu_HU.txt */ = {isa = PBXFileReference; fileEncoding = 4; lastKnownFileType = text; name = hu_HU.txt; path = ../graphhopper/core/src/main/resources/com/graphhopper/util/hu_HU.txt; sourceTree = "<group>"; };
		EDB2C120248EBAD400B6680C /* ne.txt */ = {isa = PBXFileReference; fileEncoding = 4; lastKnownFileType = text; name = ne.txt; path = ../graphhopper/core/src/main/resources/com/graphhopper/util/ne.txt; sourceTree = "<group>"; };
		EDB2C121248EBAD400B6680C /* hr_HR.txt */ = {isa = PBXFileReference; fileEncoding = 4; lastKnownFileType = text; name = hr_HR.txt; path = ../graphhopper/core/src/main/resources/com/graphhopper/util/hr_HR.txt; sourceTree = "<group>"; };
		EDB2C122248EBAD400B6680C /* pl_PL.txt */ = {isa = PBXFileReference; fileEncoding = 4; lastKnownFileType = text; name = pl_PL.txt; path = ../graphhopper/core/src/main/resources/com/graphhopper/util/pl_PL.txt; sourceTree = "<group>"; };
		EDB2C123248EBAD400B6680C /* hsb.txt */ = {isa = PBXFileReference; fileEncoding = 4; lastKnownFileType = text; name = hsb.txt; path = ../graphhopper/core/src/main/resources/com/graphhopper/util/hsb.txt; sourceTree = "<group>"; };
		EDB2C124248EBAD400B6680C /* ro.txt */ = {isa = PBXFileReference; fileEncoding = 4; lastKnownFileType = text; name = ro.txt; path = ../graphhopper/core/src/main/resources/com/graphhopper/util/ro.txt; sourceTree = "<group>"; };
		EDB2C125248EBAD400B6680C /* sk.txt */ = {isa = PBXFileReference; fileEncoding = 4; lastKnownFileType = text; name = sk.txt; path = ../graphhopper/core/src/main/resources/com/graphhopper/util/sk.txt; sourceTree = "<group>"; };
		EDB2C126248EBAD500B6680C /* fr_CH.txt */ = {isa = PBXFileReference; fileEncoding = 4; lastKnownFileType = text; name = fr_CH.txt; path = ../graphhopper/core/src/main/resources/com/graphhopper/util/fr_CH.txt; sourceTree = "<group>"; };
		EDB2C127248EBAD500B6680C /* tr.txt */ = {isa = PBXFileReference; fileEncoding = 4; lastKnownFileType = text; name = tr.txt; path = ../graphhopper/core/src/main/resources/com/graphhopper/util/tr.txt; sourceTree = "<group>"; };
		EDB2C128248EBAD500B6680C /* vi_VN.txt */ = {isa = PBXFileReference; fileEncoding = 4; lastKnownFileType = text; name = vi_VN.txt; path = ../graphhopper/core/src/main/resources/com/graphhopper/util/vi_VN.txt; sourceTree = "<group>"; };
		EDB2C129248EBAD500B6680C /* in_ID.txt */ = {isa = PBXFileReference; fileEncoding = 4; lastKnownFileType = text; name = in_ID.txt; path = ../graphhopper/core/src/main/resources/com/graphhopper/util/in_ID.txt; sourceTree = "<group>"; };
		EDB2C12A248EBAD500B6680C /* el.txt */ = {isa = PBXFileReference; fileEncoding = 4; lastKnownFileType = text; name = el.txt; path = ../graphhopper/core/src/main/resources/com/graphhopper/util/el.txt; sourceTree = "<group>"; };
		EDB2C12B248EBAD500B6680C /* de_DE.txt */ = {isa = PBXFileReference; fileEncoding = 4; lastKnownFileType = text; name = de_DE.txt; path = ../graphhopper/core/src/main/resources/com/graphhopper/util/de_DE.txt; sourceTree = "<group>"; };
		EDB2C12C248EBAD500B6680C /* sl_SI.txt */ = {isa = PBXFileReference; fileEncoding = 4; lastKnownFileType = text; name = sl_SI.txt; path = ../graphhopper/core/src/main/resources/com/graphhopper/util/sl_SI.txt; sourceTree = "<group>"; };
		EDB2C12D248EBAD500B6680C /* uk.txt */ = {isa = PBXFileReference; fileEncoding = 4; lastKnownFileType = text; name = uk.txt; path = ../graphhopper/core/src/main/resources/com/graphhopper/util/uk.txt; sourceTree = "<group>"; };
		EDB2C12E248EBAD500B6680C /* lt_LT.txt */ = {isa = PBXFileReference; fileEncoding = 4; lastKnownFileType = text; name = lt_LT.txt; path = ../graphhopper/core/src/main/resources/com/graphhopper/util/lt_LT.txt; sourceTree = "<group>"; };
		EDB2C12F248EBAD500B6680C /* zh_TW.txt */ = {isa = PBXFileReference; fileEncoding = 4; lastKnownFileType = text; name = zh_TW.txt; path = ../graphhopper/core/src/main/resources/com/graphhopper/util/zh_TW.txt; sourceTree = "<group>"; };
		EDB2C130248EBAD500B6680C /* da_DK.txt */ = {isa = PBXFileReference; fileEncoding = 4; lastKnownFileType = text; name = da_DK.txt; path = ../graphhopper/core/src/main/resources/com/graphhopper/util/da_DK.txt; sourceTree = "<group>"; };
		EDB2C131248EBAD500B6680C /* sr_RS.txt */ = {isa = PBXFileReference; fileEncoding = 4; lastKnownFileType = text; name = sr_RS.txt; path = ../graphhopper/core/src/main/resources/com/graphhopper/util/sr_RS.txt; sourceTree = "<group>"; };
		EDB2C132248EBAD500B6680C /* gl.txt */ = {isa = PBXFileReference; fileEncoding = 4; lastKnownFileType = text; name = gl.txt; path = ../graphhopper/core/src/main/resources/com/graphhopper/util/gl.txt; sourceTree = "<group>"; };
		EDB2C133248EBAD600B6680C /* fr_FR.txt */ = {isa = PBXFileReference; fileEncoding = 4; lastKnownFileType = text; name = fr_FR.txt; path = ../graphhopper/core/src/main/resources/com/graphhopper/util/fr_FR.txt; sourceTree = "<group>"; };
		EDB2C134248EBAD600B6680C /* he.txt */ = {isa = PBXFileReference; fileEncoding = 4; lastKnownFileType = text; name = he.txt; path = ../graphhopper/core/src/main/resources/com/graphhopper/util/he.txt; sourceTree = "<group>"; };
		EDB2C135248EBAD600B6680C /* pt_BR.txt */ = {isa = PBXFileReference; fileEncoding = 4; lastKnownFileType = text; name = pt_BR.txt; path = ../graphhopper/core/src/main/resources/com/graphhopper/util/pt_BR.txt; sourceTree = "<group>"; };
		EDB2C136248EBAD600B6680C /* ja.txt */ = {isa = PBXFileReference; fileEncoding = 4; lastKnownFileType = text; name = ja.txt; path = ../graphhopper/core/src/main/resources/com/graphhopper/util/ja.txt; sourceTree = "<group>"; };
		EDB2C137248EBAD600B6680C /* eo.txt */ = {isa = PBXFileReference; fileEncoding = 4; lastKnownFileType = text; name = eo.txt; path = ../graphhopper/core/src/main/resources/com/graphhopper/util/eo.txt; sourceTree = "<group>"; };
		EDB2C138248EBAD600B6680C /* cs_CZ.txt */ = {isa = PBXFileReference; fileEncoding = 4; lastKnownFileType = text; name = cs_CZ.txt; path = ../graphhopper/core/src/main/resources/com/graphhopper/util/cs_CZ.txt; sourceTree = "<group>"; };
		EDB2C139248EBAD600B6680C /* fil.txt */ = {isa = PBXFileReference; fileEncoding = 4; lastKnownFileType = text; name = fil.txt; path = ../graphhopper/core/src/main/resources/com/graphhopper/util/fil.txt; sourceTree = "<group>"; };
		EDB2C13A248EBAD600B6680C /* nl.txt */ = {isa = PBXFileReference; fileEncoding = 4; lastKnownFileType = text; name = nl.txt; path = ../graphhopper/core/src/main/resources/com/graphhopper/util/nl.txt; sourceTree = "<group>"; };
		EDB2C13B248EBAD600B6680C /* fi.txt */ = {isa = PBXFileReference; fileEncoding = 4; lastKnownFileType = text; name = fi.txt; path = ../graphhopper/core/src/main/resources/com/graphhopper/util/fi.txt; sourceTree = "<group>"; };
		EDB2C13C248EBAD600B6680C /* es.txt */ = {isa = PBXFileReference; fileEncoding = 4; lastKnownFileType = text; name = es.txt; path = ../graphhopper/core/src/main/resources/com/graphhopper/util/es.txt; sourceTree = "<group>"; };
		EDB2C13D248EBAD600B6680C /* pt_PT.txt */ = {isa = PBXFileReference; fileEncoding = 4; lastKnownFileType = text; name = pt_PT.txt; path = ../graphhopper/core/src/main/resources/com/graphhopper/util/pt_PT.txt; sourceTree = "<group>"; };
		EDB2C13E248EBAD600B6680C /* ar.txt */ = {isa = PBXFileReference; fileEncoding = 4; lastKnownFileType = text; name = ar.txt; path = ../graphhopper/core/src/main/resources/com/graphhopper/util/ar.txt; sourceTree = "<group>"; };
		EDB2C13F248EBAD600B6680C /* ca.txt */ = {isa = PBXFileReference; fileEncoding = 4; lastKnownFileType = text; name = ca.txt; path = ../graphhopper/core/src/main/resources/com/graphhopper/util/ca.txt; sourceTree = "<group>"; };
		EDB2C140248EBAD600B6680C /* ru.txt */ = {isa = PBXFileReference; fileEncoding = 4; lastKnownFileType = text; name = ru.txt; path = ../graphhopper/core/src/main/resources/com/graphhopper/util/ru.txt; sourceTree = "<group>"; };
		EDB2C141248EBAD700B6680C /* en_US.txt */ = {isa = PBXFileReference; fileEncoding = 4; lastKnownFileType = text; name = en_US.txt; path = ../graphhopper/core/src/main/resources/com/graphhopper/util/en_US.txt; sourceTree = "<group>"; };
		EDB2C142248EBAD700B6680C /* ast.txt */ = {isa = PBXFileReference; fileEncoding = 4; lastKnownFileType = text; name = ast.txt; path = ../graphhopper/core/src/main/resources/com/graphhopper/util/ast.txt; sourceTree = "<group>"; };
		EDB2C143248EBAD700B6680C /* it.txt */ = {isa = PBXFileReference; fileEncoding = 4; lastKnownFileType = text; name = it.txt; path = ../graphhopper/core/src/main/resources/com/graphhopper/util/it.txt; sourceTree = "<group>"; };
		EDB2C144248EBAD700B6680C /* sv_SE.txt */ = {isa = PBXFileReference; fileEncoding = 4; lastKnownFileType = text; name = sv_SE.txt; path = ../graphhopper/core/src/main/resources/com/graphhopper/util/sv_SE.txt; sourceTree = "<group>"; };
		EDB2C145248EBAD700B6680C /* bg.txt */ = {isa = PBXFileReference; fileEncoding = 4; lastKnownFileType = text; name = bg.txt; path = ../graphhopper/core/src/main/resources/com/graphhopper/util/bg.txt; sourceTree = "<group>"; };
		EDB2C146248EBAD700B6680C /* ko.txt */ = {isa = PBXFileReference; fileEncoding = 4; lastKnownFileType = text; name = ko.txt; path = ../graphhopper/core/src/main/resources/com/graphhopper/util/ko.txt; sourceTree = "<group>"; };
		EDB2C147248EBAD700B6680C /* zh_CN.txt */ = {isa = PBXFileReference; fileEncoding = 4; lastKnownFileType = text; name = zh_CN.txt; path = ../graphhopper/core/src/main/resources/com/graphhopper/util/zh_CN.txt; sourceTree = "<group>"; };
		EDB2C148248EBAD700B6680C /* zh_HK.txt */ = {isa = PBXFileReference; fileEncoding = 4; lastKnownFileType = text; name = zh_HK.txt; path = ../graphhopper/core/src/main/resources/com/graphhopper/util/zh_HK.txt; sourceTree = "<group>"; };
		EDB2C149248EBAD700B6680C /* bn_BN.txt */ = {isa = PBXFileReference; fileEncoding = 4; lastKnownFileType = text; name = bn_BN.txt; path = ../graphhopper/core/src/main/resources/com/graphhopper/util/bn_BN.txt; sourceTree = "<group>"; };
		FA59C1751AADB8AB0093F77B /* libicucore.dylib */ = {isa = PBXFileReference; lastKnownFileType = "compiled.mach-o.dylib"; name = libicucore.dylib; path = usr/lib/libicucore.dylib; sourceTree = SDKROOT; };
		FABCD8D01A0A61430013FB88 /* graphhopper-ios-sample.app */ = {isa = PBXFileReference; explicitFileType = wrapper.application; includeInIndex = 0; path = "graphhopper-ios-sample.app"; sourceTree = BUILT_PRODUCTS_DIR; };
		FABCD8D41A0A61430013FB88 /* Info.plist */ = {isa = PBXFileReference; lastKnownFileType = text.plist.xml; path = Info.plist; sourceTree = "<group>"; };
		FABCD8D51A0A61430013FB88 /* main.m */ = {isa = PBXFileReference; lastKnownFileType = sourcecode.c.objc; path = main.m; sourceTree = "<group>"; };
		FABCD8D71A0A61430013FB88 /* AppDelegate.h */ = {isa = PBXFileReference; lastKnownFileType = sourcecode.c.h; path = AppDelegate.h; sourceTree = "<group>"; };
		FABCD8D81A0A61430013FB88 /* AppDelegate.m */ = {isa = PBXFileReference; lastKnownFileType = sourcecode.c.objc; path = AppDelegate.m; sourceTree = "<group>"; };
		FABCD8DA1A0A61430013FB88 /* ViewController.h */ = {isa = PBXFileReference; lastKnownFileType = sourcecode.c.h; path = ViewController.h; sourceTree = "<group>"; };
		FABCD8DB1A0A61430013FB88 /* ViewController.m */ = {isa = PBXFileReference; lastKnownFileType = sourcecode.c.objc; path = ViewController.m; sourceTree = "<group>"; };
		FABCD8E01A0A61430013FB88 /* Images.xcassets */ = {isa = PBXFileReference; lastKnownFileType = folder.assetcatalog; path = Images.xcassets; sourceTree = "<group>"; };
		FABCD8E31A0A61430013FB88 /* Base */ = {isa = PBXFileReference; lastKnownFileType = file.xib; name = Base; path = Base.lproj/LaunchScreen.xib; sourceTree = "<group>"; };
		FABCD8E91A0A61430013FB88 /* graphhopper-ios-sampleTests.xctest */ = {isa = PBXFileReference; explicitFileType = wrapper.cfbundle; includeInIndex = 0; path = "graphhopper-ios-sampleTests.xctest"; sourceTree = BUILT_PRODUCTS_DIR; };
		FABCD8EE1A0A61430013FB88 /* Info.plist */ = {isa = PBXFileReference; lastKnownFileType = text.plist.xml; path = Info.plist; sourceTree = "<group>"; };
		FABCD8EF1A0A61430013FB88 /* graphhopper_ios_sampleTests.m */ = {isa = PBXFileReference; lastKnownFileType = sourcecode.c.objc; path = graphhopper_ios_sampleTests.m; sourceTree = "<group>"; };
		FABCD9361A0A62D90013FB88 /* libz.dylib */ = {isa = PBXFileReference; lastKnownFileType = "compiled.mach-o.dylib"; name = libz.dylib; path = usr/lib/libz.dylib; sourceTree = SDKROOT; };
		FABCD9381A0A62E20013FB88 /* Security.framework */ = {isa = PBXFileReference; lastKnownFileType = wrapper.framework; name = Security.framework; path = System/Library/Frameworks/Security.framework; sourceTree = SDKROOT; };
		FABCD93A1A0A62EE0013FB88 /* libsqlite3.dylib */ = {isa = PBXFileReference; lastKnownFileType = "compiled.mach-o.dylib"; name = libsqlite3.dylib; path = usr/lib/libsqlite3.dylib; sourceTree = SDKROOT; };
		FABCD93F1A0A65020013FB88 /* Base */ = {isa = PBXFileReference; lastKnownFileType = file.storyboard; name = Base; path = Base.lproj/Main_iPad.storyboard; sourceTree = "<group>"; };
		FABCD9411A0A65020013FB88 /* Base */ = {isa = PBXFileReference; lastKnownFileType = file.storyboard; name = Base; path = Base.lproj/Main_iPhone.storyboard; sourceTree = "<group>"; };
		FABCD9551A0A6C310013FB88 /* PrefixHeader.pch */ = {isa = PBXFileReference; fileEncoding = 4; lastKnownFileType = sourcecode.c.h; path = PrefixHeader.pch; sourceTree = "<group>"; };
		FABCD9671A0A8C620013FB88 /* Directions.h */ = {isa = PBXFileReference; fileEncoding = 4; lastKnownFileType = sourcecode.c.h; path = Directions.h; sourceTree = "<group>"; };
		FABCD9681A0A8C620013FB88 /* Directions.m */ = {isa = PBXFileReference; fileEncoding = 4; lastKnownFileType = sourcecode.c.objc; path = Directions.m; sourceTree = "<group>"; };
		FAEF863D1EF6B66400644A71 /* libiconv.tbd */ = {isa = PBXFileReference; lastKnownFileType = "sourcecode.text-based-dylib-definition"; name = libiconv.tbd; path = usr/lib/libiconv.tbd; sourceTree = SDKROOT; };
		FAF480931A10D97D00B20D8C /* MBAutoGrowingTextView.h */ = {isa = PBXFileReference; fileEncoding = 4; lastKnownFileType = sourcecode.c.h; path = MBAutoGrowingTextView.h; sourceTree = "<group>"; };
		FAF480941A10D97D00B20D8C /* MBAutoGrowingTextView.m */ = {isa = PBXFileReference; fileEncoding = 4; lastKnownFileType = sourcecode.c.objc; path = MBAutoGrowingTextView.m; sourceTree = "<group>"; };
		FAFEF8841A0BE8FB002C11A3 /* graphhopper.xcodeproj */ = {isa = PBXFileReference; lastKnownFileType = "wrapper.pb-project"; name = graphhopper.xcodeproj; path = ../graphhopper.xcodeproj; sourceTree = "<group>"; };
		FAFEF8881A0BE918002C11A3 /* graph-data.osm-gh */ = {isa = PBXFileReference; lastKnownFileType = folder; name = "graph-data.osm-gh"; path = "../graphhopper/graph-data.osm-gh"; sourceTree = "<group>"; };
		FAFEF88A1A0BE96D002C11A3 /* libjre_emul.a */ = {isa = PBXFileReference; lastKnownFileType = archive.ar; name = libjre_emul.a; path = ../j2objc/lib/libjre_emul.a; sourceTree = "<group>"; };
		FAFEF88C1A0BE96D002C11A3 /* libgraphhopper.a */ = {isa = PBXFileReference; lastKnownFileType = archive.ar; name = libgraphhopper.a; path = ../build/libgraphhopper.a; sourceTree = "<group>"; };
		FAFEF8C31A0BEC6D002C11A3 /* MBXConstantsAndTypes.h */ = {isa = PBXFileReference; fileEncoding = 4; lastKnownFileType = sourcecode.c.h; path = MBXConstantsAndTypes.h; sourceTree = "<group>"; };
		FAFEF8C41A0BEC6D002C11A3 /* MBXMapKit.h */ = {isa = PBXFileReference; fileEncoding = 4; lastKnownFileType = sourcecode.c.h; path = MBXMapKit.h; sourceTree = "<group>"; };
		FAFEF8C51A0BEC6D002C11A3 /* MBXMapKit.m */ = {isa = PBXFileReference; fileEncoding = 4; lastKnownFileType = sourcecode.c.objc; path = MBXMapKit.m; sourceTree = "<group>"; };
		FAFEF8C61A0BEC6D002C11A3 /* MBXOfflineMapDatabase.h */ = {isa = PBXFileReference; fileEncoding = 4; lastKnownFileType = sourcecode.c.h; path = MBXOfflineMapDatabase.h; sourceTree = "<group>"; };
		FAFEF8C71A0BEC6D002C11A3 /* MBXOfflineMapDatabase.m */ = {isa = PBXFileReference; fileEncoding = 4; lastKnownFileType = sourcecode.c.objc; path = MBXOfflineMapDatabase.m; sourceTree = "<group>"; };
		FAFEF8C81A0BEC6D002C11A3 /* MBXOfflineMapDownloader.h */ = {isa = PBXFileReference; fileEncoding = 4; lastKnownFileType = sourcecode.c.h; path = MBXOfflineMapDownloader.h; sourceTree = "<group>"; };
		FAFEF8C91A0BEC6D002C11A3 /* MBXOfflineMapDownloader.m */ = {isa = PBXFileReference; fileEncoding = 4; lastKnownFileType = sourcecode.c.objc; path = MBXOfflineMapDownloader.m; sourceTree = "<group>"; };
		FAFEF8CA1A0BEC6D002C11A3 /* MBXPointAnnotation.h */ = {isa = PBXFileReference; fileEncoding = 4; lastKnownFileType = sourcecode.c.h; path = MBXPointAnnotation.h; sourceTree = "<group>"; };
		FAFEF8CB1A0BEC6D002C11A3 /* MBXPointAnnotation.m */ = {isa = PBXFileReference; fileEncoding = 4; lastKnownFileType = sourcecode.c.objc; path = MBXPointAnnotation.m; sourceTree = "<group>"; };
		FAFEF8CC1A0BEC6D002C11A3 /* MBXRasterTileOverlay.h */ = {isa = PBXFileReference; fileEncoding = 4; lastKnownFileType = sourcecode.c.h; path = MBXRasterTileOverlay.h; sourceTree = "<group>"; };
		FAFEF8CD1A0BEC6D002C11A3 /* MBXRasterTileOverlay.m */ = {isa = PBXFileReference; fileEncoding = 4; lastKnownFileType = sourcecode.c.objc; path = MBXRasterTileOverlay.m; sourceTree = "<group>"; };
/* End PBXFileReference section */

/* Begin PBXFrameworksBuildPhase section */
		FABCD8CD1A0A61430013FB88 /* Frameworks */ = {
			isa = PBXFrameworksBuildPhase;
			buildActionMask = 2147483647;
			files = (
				FAEF863E1EF6B66400644A71 /* libiconv.tbd in Frameworks */,
				FA59C1761AADB8AB0093F77B /* libicucore.dylib in Frameworks */,
				FABCD93B1A0A62EE0013FB88 /* libsqlite3.dylib in Frameworks */,
				FABCD9391A0A62E20013FB88 /* Security.framework in Frameworks */,
				FAFEF88F1A0BE96D002C11A3 /* libgraphhopper.a in Frameworks */,
				FAFEF88D1A0BE96D002C11A3 /* libjre_emul.a in Frameworks */,
				FABCD9371A0A62D90013FB88 /* libz.dylib in Frameworks */,
			);
			runOnlyForDeploymentPostprocessing = 0;
		};
		FABCD8E61A0A61430013FB88 /* Frameworks */ = {
			isa = PBXFrameworksBuildPhase;
			buildActionMask = 2147483647;
			files = (
			);
			runOnlyForDeploymentPostprocessing = 0;
		};
/* End PBXFrameworksBuildPhase section */

/* Begin PBXGroup section */
		FABCD8C71A0A61430013FB88 = {
			isa = PBXGroup;
			children = (
				EDB2C13E248EBAD600B6680C /* ar.txt */,
				EDB2C142248EBAD700B6680C /* ast.txt */,
				EDB2C145248EBAD700B6680C /* bg.txt */,
				EDB2C149248EBAD700B6680C /* bn_BN.txt */,
				EDB2C13F248EBAD600B6680C /* ca.txt */,
				EDB2C138248EBAD600B6680C /* cs_CZ.txt */,
				EDB2C130248EBAD500B6680C /* da_DK.txt */,
				EDB2C12B248EBAD500B6680C /* de_DE.txt */,
				EDB2C12A248EBAD500B6680C /* el.txt */,
				EDB2C141248EBAD700B6680C /* en_US.txt */,
				EDB2C137248EBAD600B6680C /* eo.txt */,
				EDB2C13C248EBAD600B6680C /* es.txt */,
				EDB2C11E248EBAD400B6680C /* fa.txt */,
				EDB2C13B248EBAD600B6680C /* fi.txt */,
				EDB2C139248EBAD600B6680C /* fil.txt */,
				EDB2C126248EBAD500B6680C /* fr_CH.txt */,
				EDB2C133248EBAD600B6680C /* fr_FR.txt */,
				EDB2C132248EBAD500B6680C /* gl.txt */,
				EDB2C134248EBAD600B6680C /* he.txt */,
				EDB2C121248EBAD400B6680C /* hr_HR.txt */,
				EDB2C123248EBAD400B6680C /* hsb.txt */,
				EDB2C11F248EBAD400B6680C /* hu_HU.txt */,
				EDB2C129248EBAD500B6680C /* in_ID.txt */,
				EDB2C143248EBAD700B6680C /* it.txt */,
				EDB2C136248EBAD600B6680C /* ja.txt */,
				EDB2C146248EBAD700B6680C /* ko.txt */,
				EDB2C12E248EBAD500B6680C /* lt_LT.txt */,
				EDB2C120248EBAD400B6680C /* ne.txt */,
				EDB2C13A248EBAD600B6680C /* nl.txt */,
				EDB2C122248EBAD400B6680C /* pl_PL.txt */,
				EDB2C135248EBAD600B6680C /* pt_BR.txt */,
				EDB2C13D248EBAD600B6680C /* pt_PT.txt */,
				EDB2C124248EBAD400B6680C /* ro.txt */,
				EDB2C140248EBAD600B6680C /* ru.txt */,
				EDB2C125248EBAD400B6680C /* sk.txt */,
				EDB2C12C248EBAD500B6680C /* sl_SI.txt */,
				EDB2C131248EBAD500B6680C /* sr_RS.txt */,
				EDB2C144248EBAD700B6680C /* sv_SE.txt */,
				EDB2C127248EBAD500B6680C /* tr.txt */,
				EDB2C12D248EBAD500B6680C /* uk.txt */,
				EDB2C128248EBAD500B6680C /* vi_VN.txt */,
				EDB2C147248EBAD700B6680C /* zh_CN.txt */,
				EDB2C148248EBAD700B6680C /* zh_HK.txt */,
				EDB2C12F248EBAD500B6680C /* zh_TW.txt */,
				FAFEF8841A0BE8FB002C11A3 /* graphhopper.xcodeproj */,
				FABCD8D21A0A61430013FB88 /* graphhopper-ios-sample */,
				FABCD8EC1A0A61430013FB88 /* graphhopper-ios-sampleTests */,
				FAF480921A10D97D00B20D8C /* MBAutoGrowingTextView */,
				FAFEF8C21A0BEC6D002C11A3 /* MBXMapKit */,
				FABCD9A51A0AB4550013FB88 /* Graph */,
				FABCD8D11A0A61430013FB88 /* Products */,
				FAFEF8A61A0BE988002C11A3 /* Translations */,
				FABCD9021A0A62860013FB88 /* Libraries */,
				FAEF863C1EF6B66400644A71 /* Frameworks */,
			);
			sourceTree = "<group>";
		};
		FABCD8D11A0A61430013FB88 /* Products */ = {
			isa = PBXGroup;
			children = (
				FABCD8D01A0A61430013FB88 /* graphhopper-ios-sample.app */,
				FABCD8E91A0A61430013FB88 /* graphhopper-ios-sampleTests.xctest */,
			);
			name = Products;
			sourceTree = "<group>";
		};
		FABCD8D21A0A61430013FB88 /* graphhopper-ios-sample */ = {
			isa = PBXGroup;
			children = (
				FABCD8D71A0A61430013FB88 /* AppDelegate.h */,
				FABCD8D81A0A61430013FB88 /* AppDelegate.m */,
				FABCD9671A0A8C620013FB88 /* Directions.h */,
				FABCD9681A0A8C620013FB88 /* Directions.m */,
				FABCD8DA1A0A61430013FB88 /* ViewController.h */,
				FABCD8DB1A0A61430013FB88 /* ViewController.m */,
				FABCD93E1A0A65020013FB88 /* Main_iPad.storyboard */,
				FABCD9401A0A65020013FB88 /* Main_iPhone.storyboard */,
				FABCD8E01A0A61430013FB88 /* Images.xcassets */,
				FABCD8E21A0A61430013FB88 /* LaunchScreen.xib */,
				FABCD8D31A0A61430013FB88 /* Supporting Files */,
			);
			path = "graphhopper-ios-sample";
			sourceTree = "<group>";
		};
		FABCD8D31A0A61430013FB88 /* Supporting Files */ = {
			isa = PBXGroup;
			children = (
				FABCD8D41A0A61430013FB88 /* Info.plist */,
				FABCD8D51A0A61430013FB88 /* main.m */,
				FABCD9551A0A6C310013FB88 /* PrefixHeader.pch */,
			);
			name = "Supporting Files";
			sourceTree = "<group>";
		};
		FABCD8EC1A0A61430013FB88 /* graphhopper-ios-sampleTests */ = {
			isa = PBXGroup;
			children = (
				FABCD8EF1A0A61430013FB88 /* graphhopper_ios_sampleTests.m */,
				FABCD8ED1A0A61430013FB88 /* Supporting Files */,
			);
			path = "graphhopper-ios-sampleTests";
			sourceTree = "<group>";
		};
		FABCD8ED1A0A61430013FB88 /* Supporting Files */ = {
			isa = PBXGroup;
			children = (
				FABCD8EE1A0A61430013FB88 /* Info.plist */,
			);
			name = "Supporting Files";
			sourceTree = "<group>";
		};
		FABCD9021A0A62860013FB88 /* Libraries */ = {
			isa = PBXGroup;
			children = (
				FA59C1751AADB8AB0093F77B /* libicucore.dylib */,
				FABCD93A1A0A62EE0013FB88 /* libsqlite3.dylib */,
				FABCD9381A0A62E20013FB88 /* Security.framework */,
				FABCD9361A0A62D90013FB88 /* libz.dylib */,
				FAFEF88A1A0BE96D002C11A3 /* libjre_emul.a */,
				FAFEF88C1A0BE96D002C11A3 /* libgraphhopper.a */,
			);
			name = Libraries;
			path = "../graphhopper-ios";
			sourceTree = "<group>";
		};
		FABCD9A51A0AB4550013FB88 /* Graph */ = {
			isa = PBXGroup;
			children = (
				FAFEF8881A0BE918002C11A3 /* graph-data.osm-gh */,
			);
			name = Graph;
			sourceTree = "<group>";
		};
		FAEF863C1EF6B66400644A71 /* Frameworks */ = {
			isa = PBXGroup;
			children = (
				FAEF863D1EF6B66400644A71 /* libiconv.tbd */,
			);
			name = Frameworks;
			sourceTree = "<group>";
		};
		FAF480921A10D97D00B20D8C /* MBAutoGrowingTextView */ = {
			isa = PBXGroup;
			children = (
				FAF480931A10D97D00B20D8C /* MBAutoGrowingTextView.h */,
				FAF480941A10D97D00B20D8C /* MBAutoGrowingTextView.m */,
			);
			path = MBAutoGrowingTextView;
			sourceTree = "<group>";
		};
		FAFEF8851A0BE8FB002C11A3 /* Products */ = {
			isa = PBXGroup;
			children = (
			);
			name = Products;
			sourceTree = "<group>";
		};
		FAFEF8A61A0BE988002C11A3 /* Translations */ = {
			isa = PBXGroup;
			children = (
			);
			name = Translations;
			path = ..;
			sourceTree = "<group>";
		};
		FAFEF8C21A0BEC6D002C11A3 /* MBXMapKit */ = {
			isa = PBXGroup;
			children = (
				FAFEF8C31A0BEC6D002C11A3 /* MBXConstantsAndTypes.h */,
				FAFEF8C41A0BEC6D002C11A3 /* MBXMapKit.h */,
				FAFEF8C51A0BEC6D002C11A3 /* MBXMapKit.m */,
				FAFEF8C61A0BEC6D002C11A3 /* MBXOfflineMapDatabase.h */,
				FAFEF8C71A0BEC6D002C11A3 /* MBXOfflineMapDatabase.m */,
				FAFEF8C81A0BEC6D002C11A3 /* MBXOfflineMapDownloader.h */,
				FAFEF8C91A0BEC6D002C11A3 /* MBXOfflineMapDownloader.m */,
				FAFEF8CA1A0BEC6D002C11A3 /* MBXPointAnnotation.h */,
				FAFEF8CB1A0BEC6D002C11A3 /* MBXPointAnnotation.m */,
				FAFEF8CC1A0BEC6D002C11A3 /* MBXRasterTileOverlay.h */,
				FAFEF8CD1A0BEC6D002C11A3 /* MBXRasterTileOverlay.m */,
			);
			name = MBXMapKit;
			path = mbxmapkit/MBXMapKit;
			sourceTree = "<group>";
		};
/* End PBXGroup section */

/* Begin PBXNativeTarget section */
		FABCD8CF1A0A61430013FB88 /* graphhopper-ios-sample */ = {
			isa = PBXNativeTarget;
			buildConfigurationList = FABCD8F31A0A61430013FB88 /* Build configuration list for PBXNativeTarget "graphhopper-ios-sample" */;
			buildPhases = (
				FABCD8CC1A0A61430013FB88 /* Sources */,
				FABCD8CD1A0A61430013FB88 /* Frameworks */,
				FABCD8CE1A0A61430013FB88 /* Resources */,
				653FD1E72444D7B500A02EBC /* CopyFiles */,
			);
			buildRules = (
			);
			dependencies = (
				FAFEF8BE1A0BE996002C11A3 /* PBXTargetDependency */,
			);
			name = "graphhopper-ios-sample";
			productName = "graphhopper-ios-sample";
			productReference = FABCD8D01A0A61430013FB88 /* graphhopper-ios-sample.app */;
			productType = "com.apple.product-type.application";
		};
		FABCD8E81A0A61430013FB88 /* graphhopper-ios-sampleTests */ = {
			isa = PBXNativeTarget;
			buildConfigurationList = FABCD8F61A0A61430013FB88 /* Build configuration list for PBXNativeTarget "graphhopper-ios-sampleTests" */;
			buildPhases = (
				FABCD8E51A0A61430013FB88 /* Sources */,
				FABCD8E61A0A61430013FB88 /* Frameworks */,
				FABCD8E71A0A61430013FB88 /* Resources */,
			);
			buildRules = (
			);
			dependencies = (
				FABCD8EB1A0A61430013FB88 /* PBXTargetDependency */,
			);
			name = "graphhopper-ios-sampleTests";
			productName = "graphhopper-ios-sampleTests";
			productReference = FABCD8E91A0A61430013FB88 /* graphhopper-ios-sampleTests.xctest */;
			productType = "com.apple.product-type.bundle.unit-test";
		};
/* End PBXNativeTarget section */

/* Begin PBXProject section */
		FABCD8C81A0A61430013FB88 /* Project object */ = {
			isa = PBXProject;
			attributes = {
				LastUpgradeCheck = 0800;
				ORGANIZATIONNAME = "Calin Seciu";
				TargetAttributes = {
					FABCD8CF1A0A61430013FB88 = {
						CreatedOnToolsVersion = 6.1;
						DevelopmentTeam = 2RAYNCVBR5;
						SystemCapabilities = {
							com.apple.Maps.iOS = {
								enabled = 1;
							};
						};
					};
					FABCD8E81A0A61430013FB88 = {
						CreatedOnToolsVersion = 6.1;
						DevelopmentTeam = 2RAYNCVBR5;
						TestTargetID = FABCD8CF1A0A61430013FB88;
					};
				};
			};
			buildConfigurationList = FABCD8CB1A0A61430013FB88 /* Build configuration list for PBXProject "graphhopper-ios-sample" */;
			compatibilityVersion = "Xcode 3.2";
			developmentRegion = English;
			hasScannedForEncodings = 0;
			knownRegions = (
				English,
				en,
				Base,
			);
			mainGroup = FABCD8C71A0A61430013FB88;
			productRefGroup = FABCD8D11A0A61430013FB88 /* Products */;
			projectDirPath = "";
			projectReferences = (
				{
					ProductGroup = FAFEF8851A0BE8FB002C11A3 /* Products */;
					ProjectRef = FAFEF8841A0BE8FB002C11A3 /* graphhopper.xcodeproj */;
				},
			);
			projectRoot = "";
			targets = (
				FABCD8CF1A0A61430013FB88 /* graphhopper-ios-sample */,
				FABCD8E81A0A61430013FB88 /* graphhopper-ios-sampleTests */,
			);
		};
/* End PBXProject section */

/* Begin PBXResourcesBuildPhase section */
		FABCD8CE1A0A61430013FB88 /* Resources */ = {
			isa = PBXResourcesBuildPhase;
			buildActionMask = 2147483647;
			files = (
				FABCD9421A0A65020013FB88 /* Main_iPad.storyboard in Resources */,
				FABCD9431A0A65020013FB88 /* Main_iPhone.storyboard in Resources */,
				FAFEF8891A0BE918002C11A3 /* graph-data.osm-gh in Resources */,
				FABCD8E41A0A61430013FB88 /* LaunchScreen.xib in Resources */,
				FABCD8E11A0A61430013FB88 /* Images.xcassets in Resources */,
			);
			runOnlyForDeploymentPostprocessing = 0;
		};
		FABCD8E71A0A61430013FB88 /* Resources */ = {
			isa = PBXResourcesBuildPhase;
			buildActionMask = 2147483647;
			files = (
			);
			runOnlyForDeploymentPostprocessing = 0;
		};
/* End PBXResourcesBuildPhase section */

/* Begin PBXSourcesBuildPhase section */
		FABCD8CC1A0A61430013FB88 /* Sources */ = {
			isa = PBXSourcesBuildPhase;
			buildActionMask = 2147483647;
			files = (
				FAFEF8D21A0BEC6D002C11A3 /* MBXRasterTileOverlay.m in Sources */,
				FAF480951A10D97D00B20D8C /* MBAutoGrowingTextView.m in Sources */,
				FAFEF8CE1A0BEC6D002C11A3 /* MBXMapKit.m in Sources */,
				FABCD8DC1A0A61430013FB88 /* ViewController.m in Sources */,
				FABCD8D91A0A61430013FB88 /* AppDelegate.m in Sources */,
				FAFEF8D11A0BEC6D002C11A3 /* MBXPointAnnotation.m in Sources */,
				FABCD8D61A0A61430013FB88 /* main.m in Sources */,
				FABCD9691A0A8C620013FB88 /* Directions.m in Sources */,
				FAFEF8CF1A0BEC6D002C11A3 /* MBXOfflineMapDatabase.m in Sources */,
				FAFEF8D01A0BEC6D002C11A3 /* MBXOfflineMapDownloader.m in Sources */,
			);
			runOnlyForDeploymentPostprocessing = 0;
		};
		FABCD8E51A0A61430013FB88 /* Sources */ = {
			isa = PBXSourcesBuildPhase;
			buildActionMask = 2147483647;
			files = (
				FABCD8F01A0A61430013FB88 /* graphhopper_ios_sampleTests.m in Sources */,
			);
			runOnlyForDeploymentPostprocessing = 0;
		};
/* End PBXSourcesBuildPhase section */

/* Begin PBXTargetDependency section */
		FABCD8EB1A0A61430013FB88 /* PBXTargetDependency */ = {
			isa = PBXTargetDependency;
			target = FABCD8CF1A0A61430013FB88 /* graphhopper-ios-sample */;
			targetProxy = FABCD8EA1A0A61430013FB88 /* PBXContainerItemProxy */;
		};
		FAFEF8BE1A0BE996002C11A3 /* PBXTargetDependency */ = {
			isa = PBXTargetDependency;
			name = graphhopper;
			targetProxy = FAFEF8BD1A0BE996002C11A3 /* PBXContainerItemProxy */;
		};
/* End PBXTargetDependency section */

/* Begin PBXVariantGroup section */
		FABCD8E21A0A61430013FB88 /* LaunchScreen.xib */ = {
			isa = PBXVariantGroup;
			children = (
				FABCD8E31A0A61430013FB88 /* Base */,
			);
			name = LaunchScreen.xib;
			sourceTree = "<group>";
		};
		FABCD93E1A0A65020013FB88 /* Main_iPad.storyboard */ = {
			isa = PBXVariantGroup;
			children = (
				FABCD93F1A0A65020013FB88 /* Base */,
			);
			name = Main_iPad.storyboard;
			sourceTree = "<group>";
		};
		FABCD9401A0A65020013FB88 /* Main_iPhone.storyboard */ = {
			isa = PBXVariantGroup;
			children = (
				FABCD9411A0A65020013FB88 /* Base */,
			);
			name = Main_iPhone.storyboard;
			sourceTree = "<group>";
		};
/* End PBXVariantGroup section */

/* Begin XCBuildConfiguration section */
		FABCD8F11A0A61430013FB88 /* Debug */ = {
			isa = XCBuildConfiguration;
			buildSettings = {
				ALWAYS_SEARCH_USER_PATHS = NO;
				CLANG_CXX_LANGUAGE_STANDARD = "gnu++0x";
				CLANG_CXX_LIBRARY = "libc++";
				CLANG_ENABLE_MODULES = YES;
				CLANG_ENABLE_OBJC_ARC = YES;
				CLANG_WARN_BOOL_CONVERSION = YES;
				CLANG_WARN_CONSTANT_CONVERSION = YES;
				CLANG_WARN_DIRECT_OBJC_ISA_USAGE = YES_ERROR;
				CLANG_WARN_EMPTY_BODY = YES;
				CLANG_WARN_ENUM_CONVERSION = YES;
				CLANG_WARN_INFINITE_RECURSION = YES;
				CLANG_WARN_INT_CONVERSION = YES;
				CLANG_WARN_OBJC_ROOT_CLASS = YES_ERROR;
				CLANG_WARN_SUSPICIOUS_MOVE = YES;
				CLANG_WARN_UNREACHABLE_CODE = YES;
				CLANG_WARN__DUPLICATE_METHOD_MATCH = YES;
				"CODE_SIGN_IDENTITY[sdk=iphoneos*]" = "iPhone Developer";
				COPY_PHASE_STRIP = NO;
				ENABLE_STRICT_OBJC_MSGSEND = YES;
				ENABLE_TESTABILITY = YES;
				GCC_C_LANGUAGE_STANDARD = gnu99;
				GCC_DYNAMIC_NO_PIC = NO;
				GCC_NO_COMMON_BLOCKS = YES;
				GCC_OPTIMIZATION_LEVEL = 0;
				GCC_PREPROCESSOR_DEFINITIONS = (
					"DEBUG=1",
					"$(inherited)",
				);
				GCC_SYMBOLS_PRIVATE_EXTERN = NO;
				GCC_WARN_64_TO_32_BIT_CONVERSION = YES;
				GCC_WARN_ABOUT_RETURN_TYPE = YES_ERROR;
				GCC_WARN_UNDECLARED_SELECTOR = YES;
				GCC_WARN_UNINITIALIZED_AUTOS = YES_AGGRESSIVE;
				GCC_WARN_UNUSED_FUNCTION = YES;
				GCC_WARN_UNUSED_VARIABLE = YES;
				IPHONEOS_DEPLOYMENT_TARGET = 11.0;
				MTL_ENABLE_DEBUG_INFO = YES;
				ONLY_ACTIVE_ARCH = YES;
				SDKROOT = iphoneos;
				TARGETED_DEVICE_FAMILY = "1,2";
			};
			name = Debug;
		};
		FABCD8F21A0A61430013FB88 /* Release */ = {
			isa = XCBuildConfiguration;
			buildSettings = {
				ALWAYS_SEARCH_USER_PATHS = NO;
				CLANG_CXX_LANGUAGE_STANDARD = "gnu++0x";
				CLANG_CXX_LIBRARY = "libc++";
				CLANG_ENABLE_MODULES = YES;
				CLANG_ENABLE_OBJC_ARC = YES;
				CLANG_WARN_BOOL_CONVERSION = YES;
				CLANG_WARN_CONSTANT_CONVERSION = YES;
				CLANG_WARN_DIRECT_OBJC_ISA_USAGE = YES_ERROR;
				CLANG_WARN_EMPTY_BODY = YES;
				CLANG_WARN_ENUM_CONVERSION = YES;
				CLANG_WARN_INFINITE_RECURSION = YES;
				CLANG_WARN_INT_CONVERSION = YES;
				CLANG_WARN_OBJC_ROOT_CLASS = YES_ERROR;
				CLANG_WARN_SUSPICIOUS_MOVE = YES;
				CLANG_WARN_UNREACHABLE_CODE = YES;
				CLANG_WARN__DUPLICATE_METHOD_MATCH = YES;
				"CODE_SIGN_IDENTITY[sdk=iphoneos*]" = "iPhone Developer";
				COPY_PHASE_STRIP = YES;
				ENABLE_NS_ASSERTIONS = NO;
				ENABLE_STRICT_OBJC_MSGSEND = YES;
				GCC_C_LANGUAGE_STANDARD = gnu99;
				GCC_NO_COMMON_BLOCKS = YES;
				GCC_WARN_64_TO_32_BIT_CONVERSION = YES;
				GCC_WARN_ABOUT_RETURN_TYPE = YES_ERROR;
				GCC_WARN_UNDECLARED_SELECTOR = YES;
				GCC_WARN_UNINITIALIZED_AUTOS = YES_AGGRESSIVE;
				GCC_WARN_UNUSED_FUNCTION = YES;
				GCC_WARN_UNUSED_VARIABLE = YES;
				IPHONEOS_DEPLOYMENT_TARGET = 11.0;
				MTL_ENABLE_DEBUG_INFO = NO;
				SDKROOT = iphoneos;
				TARGETED_DEVICE_FAMILY = "1,2";
				VALIDATE_PRODUCT = YES;
			};
			name = Release;
		};
		FABCD8F41A0A61430013FB88 /* Debug */ = {
			isa = XCBuildConfiguration;
			buildSettings = {
				ASSETCATALOG_COMPILER_APPICON_NAME = AppIcon;
				CODE_SIGN_IDENTITY = "iPhone Developer";
				"CODE_SIGN_IDENTITY[sdk=iphoneos*]" = "iPhone Developer";
				DEVELOPMENT_TEAM = 2RAYNCVBR5;
				ENABLE_BITCODE = NO;
				GCC_PRECOMPILE_PREFIX_HEADER = YES;
				GCC_PREFIX_HEADER = "graphhopper-ios-sample/PrefixHeader.pch";
				INFOPLIST_FILE = "graphhopper-ios-sample/Info.plist";
				IPHONEOS_DEPLOYMENT_TARGET = 11.0;
				LD_RUNPATH_SEARCH_PATHS = "$(inherited) @executable_path/Frameworks";
				LIBRARY_SEARCH_PATHS = (
					"$(inherited)",
					"$(PROJECT_DIR)/../j2objc/lib",
					"$(PROJECT_DIR)/../build",
				);
				OTHER_LDFLAGS = "-ObjC";
				PRODUCT_BUNDLE_IDENTIFIER = "com.graphhopper.$(PRODUCT_NAME:rfc1034identifier)";
				PRODUCT_NAME = "$(TARGET_NAME)";
				PROVISIONING_PROFILE = "";
				USER_HEADER_SEARCH_PATHS = "$(PROJECT_DIR)/../j2objc/include $(PROJECT_DIR)/../src";
			};
			name = Debug;
		};
		FABCD8F51A0A61430013FB88 /* Release */ = {
			isa = XCBuildConfiguration;
			buildSettings = {
				ASSETCATALOG_COMPILER_APPICON_NAME = AppIcon;
				CODE_SIGN_IDENTITY = "iPhone Developer";
				"CODE_SIGN_IDENTITY[sdk=iphoneos*]" = "iPhone Developer";
				DEVELOPMENT_TEAM = 2RAYNCVBR5;
				ENABLE_BITCODE = NO;
				GCC_PRECOMPILE_PREFIX_HEADER = YES;
				GCC_PREFIX_HEADER = "graphhopper-ios-sample/PrefixHeader.pch";
				INFOPLIST_FILE = "graphhopper-ios-sample/Info.plist";
				IPHONEOS_DEPLOYMENT_TARGET = 11.0;
				LD_RUNPATH_SEARCH_PATHS = "$(inherited) @executable_path/Frameworks";
				LIBRARY_SEARCH_PATHS = (
					"$(inherited)",
					"$(PROJECT_DIR)/../j2objc/lib",
					"$(PROJECT_DIR)/../build",
				);
				OTHER_LDFLAGS = "-ObjC";
				PRODUCT_BUNDLE_IDENTIFIER = "com.graphhopper.$(PRODUCT_NAME:rfc1034identifier)";
				PRODUCT_NAME = "$(TARGET_NAME)";
				PROVISIONING_PROFILE = "";
				USER_HEADER_SEARCH_PATHS = "$(PROJECT_DIR)/../j2objc/include $(PROJECT_DIR)/../src";
			};
			name = Release;
		};
		FABCD8F71A0A61430013FB88 /* Debug */ = {
			isa = XCBuildConfiguration;
			buildSettings = {
				BUNDLE_LOADER = "$(TEST_HOST)";
				DEVELOPMENT_TEAM = 2RAYNCVBR5;
				FRAMEWORK_SEARCH_PATHS = (
					"$(SDKROOT)/Developer/Library/Frameworks",
					"$(inherited)",
				);
				GCC_PREPROCESSOR_DEFINITIONS = (
					"DEBUG=1",
					"$(inherited)",
				);
				INFOPLIST_FILE = "graphhopper-ios-sampleTests/Info.plist";
				LD_RUNPATH_SEARCH_PATHS = "$(inherited) @executable_path/Frameworks @loader_path/Frameworks";
				PRODUCT_BUNDLE_IDENTIFIER = "com.graphhopper.$(PRODUCT_NAME:rfc1034identifier)";
				PRODUCT_NAME = "$(TARGET_NAME)";
				TEST_HOST = "$(BUILT_PRODUCTS_DIR)/graphhopper-ios-sample.app/graphhopper-ios-sample";
			};
			name = Debug;
		};
		FABCD8F81A0A61430013FB88 /* Release */ = {
			isa = XCBuildConfiguration;
			buildSettings = {
				BUNDLE_LOADER = "$(TEST_HOST)";
				DEVELOPMENT_TEAM = 2RAYNCVBR5;
				FRAMEWORK_SEARCH_PATHS = (
					"$(SDKROOT)/Developer/Library/Frameworks",
					"$(inherited)",
				);
				INFOPLIST_FILE = "graphhopper-ios-sampleTests/Info.plist";
				LD_RUNPATH_SEARCH_PATHS = "$(inherited) @executable_path/Frameworks @loader_path/Frameworks";
				PRODUCT_BUNDLE_IDENTIFIER = "com.graphhopper.$(PRODUCT_NAME:rfc1034identifier)";
				PRODUCT_NAME = "$(TARGET_NAME)";
				TEST_HOST = "$(BUILT_PRODUCTS_DIR)/graphhopper-ios-sample.app/graphhopper-ios-sample";
			};
			name = Release;
		};
/* End XCBuildConfiguration section */

/* Begin XCConfigurationList section */
		FABCD8CB1A0A61430013FB88 /* Build configuration list for PBXProject "graphhopper-ios-sample" */ = {
			isa = XCConfigurationList;
			buildConfigurations = (
				FABCD8F11A0A61430013FB88 /* Debug */,
				FABCD8F21A0A61430013FB88 /* Release */,
			);
			defaultConfigurationIsVisible = 0;
			defaultConfigurationName = Release;
		};
		FABCD8F31A0A61430013FB88 /* Build configuration list for PBXNativeTarget "graphhopper-ios-sample" */ = {
			isa = XCConfigurationList;
			buildConfigurations = (
				FABCD8F41A0A61430013FB88 /* Debug */,
				FABCD8F51A0A61430013FB88 /* Release */,
			);
			defaultConfigurationIsVisible = 0;
			defaultConfigurationName = Release;
		};
		FABCD8F61A0A61430013FB88 /* Build configuration list for PBXNativeTarget "graphhopper-ios-sampleTests" */ = {
			isa = XCConfigurationList;
			buildConfigurations = (
				FABCD8F71A0A61430013FB88 /* Debug */,
				FABCD8F81A0A61430013FB88 /* Release */,
			);
			defaultConfigurationIsVisible = 0;
			defaultConfigurationName = Release;
		};
/* End XCConfigurationList section */
	};
	rootObject = FABCD8C81A0A61430013FB88 /* Project object */;
}
